// !$*UTF8*$!
{
	archiveVersion = 1;
	classes = {
	};
	objectVersion = 46;
	objects = {

/* Begin PBXBuildFile section */
		416B673C1D377474001CB934 /* BlockHeader.swift in Sources */ = {isa = PBXBuildFile; fileRef = 416B673B1D377474001CB934 /* BlockHeader.swift */; };
		416B673E1D377A73001CB934 /* RPCService.swift in Sources */ = {isa = PBXBuildFile; fileRef = 416B673D1D377A73001CB934 /* RPCService.swift */; };
		416B67401D377BE2001CB934 /* RPCInfo.swift in Sources */ = {isa = PBXBuildFile; fileRef = 416B673F1D377BE2001CB934 /* RPCInfo.swift */; };
		41D6C3941D376DEC00178107 /* AppDelegate.swift in Sources */ = {isa = PBXBuildFile; fileRef = 41D6C3931D376DEC00178107 /* AppDelegate.swift */; };
		41D6C3961D376DEC00178107 /* FirstViewController.swift in Sources */ = {isa = PBXBuildFile; fileRef = 41D6C3951D376DEC00178107 /* FirstViewController.swift */; };
		41D6C3981D376DEC00178107 /* SecondViewController.swift in Sources */ = {isa = PBXBuildFile; fileRef = 41D6C3971D376DEC00178107 /* SecondViewController.swift */; };
		41D6C39B1D376DEC00178107 /* Main.storyboard in Resources */ = {isa = PBXBuildFile; fileRef = 41D6C3991D376DEC00178107 /* Main.storyboard */; };
		41D6C39D1D376DEC00178107 /* Assets.xcassets in Resources */ = {isa = PBXBuildFile; fileRef = 41D6C39C1D376DEC00178107 /* Assets.xcassets */; };
		41D6C3A01D376DEC00178107 /* LaunchScreen.storyboard in Resources */ = {isa = PBXBuildFile; fileRef = 41D6C39E1D376DEC00178107 /* LaunchScreen.storyboard */; };
		41D6C3AB1D376DEC00178107 /* MoneroWalletTests.swift in Sources */ = {isa = PBXBuildFile; fileRef = 41D6C3AA1D376DEC00178107 /* MoneroWalletTests.swift */; };
		41D6C3B61D376DEC00178107 /* MoneroWalletUITests.swift in Sources */ = {isa = PBXBuildFile; fileRef = 41D6C3B51D376DEC00178107 /* MoneroWalletUITests.swift */; };
		A969A7AF6CE345FA1F4CD0C5 /* Pods_MoneroWallet.framework in Frameworks */ = {isa = PBXBuildFile; fileRef = 72D529BAF0CB7C3CB12D47AA /* Pods_MoneroWallet.framework */; };
/* End PBXBuildFile section */

/* Begin PBXContainerItemProxy section */
		41D6C3A71D376DEC00178107 /* PBXContainerItemProxy */ = {
			isa = PBXContainerItemProxy;
			containerPortal = 41D6C3881D376DEC00178107 /* Project object */;
			proxyType = 1;
			remoteGlobalIDString = 41D6C38F1D376DEC00178107;
			remoteInfo = MoneroWallet;
		};
		41D6C3B21D376DEC00178107 /* PBXContainerItemProxy */ = {
			isa = PBXContainerItemProxy;
			containerPortal = 41D6C3881D376DEC00178107 /* Project object */;
			proxyType = 1;
			remoteGlobalIDString = 41D6C38F1D376DEC00178107;
			remoteInfo = MoneroWallet;
		};
/* End PBXContainerItemProxy section */

/* Begin PBXFileReference section */
		416B673B1D377474001CB934 /* BlockHeader.swift */ = {isa = PBXFileReference; fileEncoding = 4; lastKnownFileType = sourcecode.swift; path = BlockHeader.swift; sourceTree = "<group>"; };
		416B673D1D377A73001CB934 /* RPCService.swift */ = {isa = PBXFileReference; fileEncoding = 4; lastKnownFileType = sourcecode.swift; path = RPCService.swift; sourceTree = "<group>"; };
		416B673F1D377BE2001CB934 /* RPCInfo.swift */ = {isa = PBXFileReference; fileEncoding = 4; lastKnownFileType = sourcecode.swift; path = RPCInfo.swift; sourceTree = "<group>"; };
		41D6C3901D376DEC00178107 /* MoneroWallet.app */ = {isa = PBXFileReference; explicitFileType = wrapper.application; includeInIndex = 0; path = MoneroWallet.app; sourceTree = BUILT_PRODUCTS_DIR; };
		41D6C3931D376DEC00178107 /* AppDelegate.swift */ = {isa = PBXFileReference; lastKnownFileType = sourcecode.swift; path = AppDelegate.swift; sourceTree = "<group>"; };
		41D6C3951D376DEC00178107 /* FirstViewController.swift */ = {isa = PBXFileReference; lastKnownFileType = sourcecode.swift; path = FirstViewController.swift; sourceTree = "<group>"; };
		41D6C3971D376DEC00178107 /* SecondViewController.swift */ = {isa = PBXFileReference; lastKnownFileType = sourcecode.swift; path = SecondViewController.swift; sourceTree = "<group>"; };
		41D6C39A1D376DEC00178107 /* Base */ = {isa = PBXFileReference; lastKnownFileType = file.storyboard; name = Base; path = Base.lproj/Main.storyboard; sourceTree = "<group>"; };
		41D6C39C1D376DEC00178107 /* Assets.xcassets */ = {isa = PBXFileReference; lastKnownFileType = folder.assetcatalog; path = Assets.xcassets; sourceTree = "<group>"; };
		41D6C39F1D376DEC00178107 /* Base */ = {isa = PBXFileReference; lastKnownFileType = file.storyboard; name = Base; path = Base.lproj/LaunchScreen.storyboard; sourceTree = "<group>"; };
		41D6C3A11D376DEC00178107 /* Info.plist */ = {isa = PBXFileReference; lastKnownFileType = text.plist.xml; path = Info.plist; sourceTree = "<group>"; };
		41D6C3A61D376DEC00178107 /* MoneroWalletTests.xctest */ = {isa = PBXFileReference; explicitFileType = wrapper.cfbundle; includeInIndex = 0; path = MoneroWalletTests.xctest; sourceTree = BUILT_PRODUCTS_DIR; };
		41D6C3AA1D376DEC00178107 /* MoneroWalletTests.swift */ = {isa = PBXFileReference; lastKnownFileType = sourcecode.swift; path = MoneroWalletTests.swift; sourceTree = "<group>"; };
		41D6C3AC1D376DEC00178107 /* Info.plist */ = {isa = PBXFileReference; lastKnownFileType = text.plist.xml; path = Info.plist; sourceTree = "<group>"; };
		41D6C3B11D376DEC00178107 /* MoneroWalletUITests.xctest */ = {isa = PBXFileReference; explicitFileType = wrapper.cfbundle; includeInIndex = 0; path = MoneroWalletUITests.xctest; sourceTree = BUILT_PRODUCTS_DIR; };
		41D6C3B51D376DEC00178107 /* MoneroWalletUITests.swift */ = {isa = PBXFileReference; lastKnownFileType = sourcecode.swift; path = MoneroWalletUITests.swift; sourceTree = "<group>"; };
		41D6C3B71D376DEC00178107 /* Info.plist */ = {isa = PBXFileReference; lastKnownFileType = text.plist.xml; path = Info.plist; sourceTree = "<group>"; };
		6013A934601ECBEF49809FA8 /* Pods-MoneroWallet.release.xcconfig */ = {isa = PBXFileReference; includeInIndex = 1; lastKnownFileType = text.xcconfig; name = "Pods-MoneroWallet.release.xcconfig"; path = "Pods/Target Support Files/Pods-MoneroWallet/Pods-MoneroWallet.release.xcconfig"; sourceTree = "<group>"; };
		72D529BAF0CB7C3CB12D47AA /* Pods_MoneroWallet.framework */ = {isa = PBXFileReference; explicitFileType = wrapper.framework; includeInIndex = 0; path = Pods_MoneroWallet.framework; sourceTree = BUILT_PRODUCTS_DIR; };
		D8C25B94B5120D5608458AEA /* Pods-MoneroWallet.debug.xcconfig */ = {isa = PBXFileReference; includeInIndex = 1; lastKnownFileType = text.xcconfig; name = "Pods-MoneroWallet.debug.xcconfig"; path = "Pods/Target Support Files/Pods-MoneroWallet/Pods-MoneroWallet.debug.xcconfig"; sourceTree = "<group>"; };
/* End PBXFileReference section */

/* Begin PBXFrameworksBuildPhase section */
		41D6C38D1D376DEC00178107 /* Frameworks */ = {
			isa = PBXFrameworksBuildPhase;
			buildActionMask = 2147483647;
			files = (
				A969A7AF6CE345FA1F4CD0C5 /* Pods_MoneroWallet.framework in Frameworks */,
			);
			runOnlyForDeploymentPostprocessing = 0;
		};
		41D6C3A31D376DEC00178107 /* Frameworks */ = {
			isa = PBXFrameworksBuildPhase;
			buildActionMask = 2147483647;
			files = (
			);
			runOnlyForDeploymentPostprocessing = 0;
		};
		41D6C3AE1D376DEC00178107 /* Frameworks */ = {
			isa = PBXFrameworksBuildPhase;
			buildActionMask = 2147483647;
			files = (
			);
			runOnlyForDeploymentPostprocessing = 0;
		};
/* End PBXFrameworksBuildPhase section */

/* Begin PBXGroup section */
		416B673A1D37742C001CB934 /* RPC */ = {
			isa = PBXGroup;
			children = (
				416B673B1D377474001CB934 /* BlockHeader.swift */,
				416B673D1D377A73001CB934 /* RPCService.swift */,
				416B673F1D377BE2001CB934 /* RPCInfo.swift */,
			);
			path = RPC;
			sourceTree = "<group>";
		};
		41D6C3871D376DEC00178107 = {
			isa = PBXGroup;
			children = (
				41D6C3921D376DEC00178107 /* MoneroWallet */,
				41D6C3A91D376DEC00178107 /* MoneroWalletTests */,
				41D6C3B41D376DEC00178107 /* MoneroWalletUITests */,
				41D6C3911D376DEC00178107 /* Products */,
				FD30AA95E722A4EB06F454C2 /* Pods */,
				6E8D46A2A0A5B6B053E9A609 /* Frameworks */,
			);
			sourceTree = "<group>";
		};
		41D6C3911D376DEC00178107 /* Products */ = {
			isa = PBXGroup;
			children = (
				41D6C3901D376DEC00178107 /* MoneroWallet.app */,
				41D6C3A61D376DEC00178107 /* MoneroWalletTests.xctest */,
				41D6C3B11D376DEC00178107 /* MoneroWalletUITests.xctest */,
			);
			name = Products;
			sourceTree = "<group>";
		};
		41D6C3921D376DEC00178107 /* MoneroWallet */ = {
			isa = PBXGroup;
			children = (
				416B673A1D37742C001CB934 /* RPC */,
				41D6C3931D376DEC00178107 /* AppDelegate.swift */,
				41D6C3951D376DEC00178107 /* FirstViewController.swift */,
				41D6C3971D376DEC00178107 /* SecondViewController.swift */,
				41D6C3991D376DEC00178107 /* Main.storyboard */,
				41D6C39C1D376DEC00178107 /* Assets.xcassets */,
				41D6C39E1D376DEC00178107 /* LaunchScreen.storyboard */,
				41D6C3A11D376DEC00178107 /* Info.plist */,
			);
			path = MoneroWallet;
			sourceTree = "<group>";
		};
		41D6C3A91D376DEC00178107 /* MoneroWalletTests */ = {
			isa = PBXGroup;
			children = (
				41D6C3AA1D376DEC00178107 /* MoneroWalletTests.swift */,
				41D6C3AC1D376DEC00178107 /* Info.plist */,
			);
			path = MoneroWalletTests;
			sourceTree = "<group>";
		};
		41D6C3B41D376DEC00178107 /* MoneroWalletUITests */ = {
			isa = PBXGroup;
			children = (
				41D6C3B51D376DEC00178107 /* MoneroWalletUITests.swift */,
				41D6C3B71D376DEC00178107 /* Info.plist */,
			);
			path = MoneroWalletUITests;
			sourceTree = "<group>";
		};
		6E8D46A2A0A5B6B053E9A609 /* Frameworks */ = {
			isa = PBXGroup;
			children = (
				72D529BAF0CB7C3CB12D47AA /* Pods_MoneroWallet.framework */,
			);
			name = Frameworks;
			sourceTree = "<group>";
		};
		FD30AA95E722A4EB06F454C2 /* Pods */ = {
			isa = PBXGroup;
			children = (
				D8C25B94B5120D5608458AEA /* Pods-MoneroWallet.debug.xcconfig */,
				6013A934601ECBEF49809FA8 /* Pods-MoneroWallet.release.xcconfig */,
			);
			name = Pods;
			sourceTree = "<group>";
		};
/* End PBXGroup section */

/* Begin PBXNativeTarget section */
		41D6C38F1D376DEC00178107 /* MoneroWallet */ = {
			isa = PBXNativeTarget;
			buildConfigurationList = 41D6C3BA1D376DEC00178107 /* Build configuration list for PBXNativeTarget "MoneroWallet" */;
			buildPhases = (
				6C0CA932D386EC1457AAC05C /* [CP] Check Pods Manifest.lock */,
				41D6C38C1D376DEC00178107 /* Sources */,
				41D6C38D1D376DEC00178107 /* Frameworks */,
				41D6C38E1D376DEC00178107 /* Resources */,
				0851B77A689E74C0E1A4FD85 /* [CP] Embed Pods Frameworks */,
				0FE866F032D46DA44A362DF2 /* [CP] Copy Pods Resources */,
				416B67411D377C62001CB934 /* SwiftLint */,
			);
			buildRules = (
			);
			dependencies = (
			);
			name = MoneroWallet;
			productName = MoneroWallet;
			productReference = 41D6C3901D376DEC00178107 /* MoneroWallet.app */;
			productType = "com.apple.product-type.application";
		};
		41D6C3A51D376DEC00178107 /* MoneroWalletTests */ = {
			isa = PBXNativeTarget;
			buildConfigurationList = 41D6C3BD1D376DEC00178107 /* Build configuration list for PBXNativeTarget "MoneroWalletTests" */;
			buildPhases = (
				41D6C3A21D376DEC00178107 /* Sources */,
				41D6C3A31D376DEC00178107 /* Frameworks */,
				41D6C3A41D376DEC00178107 /* Resources */,
			);
			buildRules = (
			);
			dependencies = (
				41D6C3A81D376DEC00178107 /* PBXTargetDependency */,
			);
			name = MoneroWalletTests;
			productName = MoneroWalletTests;
			productReference = 41D6C3A61D376DEC00178107 /* MoneroWalletTests.xctest */;
			productType = "com.apple.product-type.bundle.unit-test";
		};
		41D6C3B01D376DEC00178107 /* MoneroWalletUITests */ = {
			isa = PBXNativeTarget;
			buildConfigurationList = 41D6C3C01D376DEC00178107 /* Build configuration list for PBXNativeTarget "MoneroWalletUITests" */;
			buildPhases = (
				41D6C3AD1D376DEC00178107 /* Sources */,
				41D6C3AE1D376DEC00178107 /* Frameworks */,
				41D6C3AF1D376DEC00178107 /* Resources */,
			);
			buildRules = (
			);
			dependencies = (
				41D6C3B31D376DEC00178107 /* PBXTargetDependency */,
			);
			name = MoneroWalletUITests;
			productName = MoneroWalletUITests;
			productReference = 41D6C3B11D376DEC00178107 /* MoneroWalletUITests.xctest */;
			productType = "com.apple.product-type.bundle.ui-testing";
		};
/* End PBXNativeTarget section */

/* Begin PBXProject section */
		41D6C3881D376DEC00178107 /* Project object */ = {
			isa = PBXProject;
			attributes = {
				LastSwiftUpdateCheck = 0730;
				LastUpgradeCheck = 0730;
				ORGANIZATIONNAME = "Ugo Bataillard";
				TargetAttributes = {
					41D6C38F1D376DEC00178107 = {
						CreatedOnToolsVersion = 7.3.1;
					};
					41D6C3A51D376DEC00178107 = {
						CreatedOnToolsVersion = 7.3.1;
						TestTargetID = 41D6C38F1D376DEC00178107;
					};
					41D6C3B01D376DEC00178107 = {
						CreatedOnToolsVersion = 7.3.1;
						TestTargetID = 41D6C38F1D376DEC00178107;
					};
				};
			};
			buildConfigurationList = 41D6C38B1D376DEC00178107 /* Build configuration list for PBXProject "MoneroWallet" */;
			compatibilityVersion = "Xcode 3.2";
			developmentRegion = English;
			hasScannedForEncodings = 0;
			knownRegions = (
				en,
				Base,
			);
			mainGroup = 41D6C3871D376DEC00178107;
			productRefGroup = 41D6C3911D376DEC00178107 /* Products */;
			projectDirPath = "";
			projectRoot = "";
			targets = (
				41D6C38F1D376DEC00178107 /* MoneroWallet */,
				41D6C3A51D376DEC00178107 /* MoneroWalletTests */,
				41D6C3B01D376DEC00178107 /* MoneroWalletUITests */,
			);
		};
/* End PBXProject section */

/* Begin PBXResourcesBuildPhase section */
		41D6C38E1D376DEC00178107 /* Resources */ = {
			isa = PBXResourcesBuildPhase;
			buildActionMask = 2147483647;
			files = (
				41D6C3A01D376DEC00178107 /* LaunchScreen.storyboard in Resources */,
				41D6C39D1D376DEC00178107 /* Assets.xcassets in Resources */,
				41D6C39B1D376DEC00178107 /* Main.storyboard in Resources */,
			);
			runOnlyForDeploymentPostprocessing = 0;
		};
		41D6C3A41D376DEC00178107 /* Resources */ = {
			isa = PBXResourcesBuildPhase;
			buildActionMask = 2147483647;
			files = (
			);
			runOnlyForDeploymentPostprocessing = 0;
		};
		41D6C3AF1D376DEC00178107 /* Resources */ = {
			isa = PBXResourcesBuildPhase;
			buildActionMask = 2147483647;
			files = (
			);
			runOnlyForDeploymentPostprocessing = 0;
		};
/* End PBXResourcesBuildPhase section */

/* Begin PBXShellScriptBuildPhase section */
		0851B77A689E74C0E1A4FD85 /* [CP] Embed Pods Frameworks */ = {
			isa = PBXShellScriptBuildPhase;
			buildActionMask = 2147483647;
			files = (
			);
			inputPaths = (
			);
			name = "[CP] Embed Pods Frameworks";
			outputPaths = (
			);
			runOnlyForDeploymentPostprocessing = 0;
			shellPath = /bin/sh;
			shellScript = "\"${SRCROOT}/Pods/Target Support Files/Pods-MoneroWallet/Pods-MoneroWallet-frameworks.sh\"\n";
			showEnvVarsInLog = 0;
		};
		0FE866F032D46DA44A362DF2 /* [CP] Copy Pods Resources */ = {
			isa = PBXShellScriptBuildPhase;
			buildActionMask = 2147483647;
			files = (
			);
			inputPaths = (
			);
			name = "[CP] Copy Pods Resources";
			outputPaths = (
			);
			runOnlyForDeploymentPostprocessing = 0;
			shellPath = /bin/sh;
			shellScript = "\"${SRCROOT}/Pods/Target Support Files/Pods-MoneroWallet/Pods-MoneroWallet-resources.sh\"\n";
			showEnvVarsInLog = 0;
		};
		416B67411D377C62001CB934 /* SwiftLint */ = {
			isa = PBXShellScriptBuildPhase;
			buildActionMask = 2147483647;
			files = (
			);
			inputPaths = (
			);
			name = SwiftLint;
			outputPaths = (
			);
			runOnlyForDeploymentPostprocessing = 0;
			shellPath = /bin/sh;
			shellScript = "if which swiftlint >/dev/null; then\nswiftlint\nelse\necho \"warning: SwiftLint not installed, download from https://github.com/realm/SwiftLint\"\nfi";
		};
		6C0CA932D386EC1457AAC05C /* [CP] Check Pods Manifest.lock */ = {
			isa = PBXShellScriptBuildPhase;
			buildActionMask = 2147483647;
			files = (
			);
			inputPaths = (
			);
			name = "[CP] Check Pods Manifest.lock";
			outputPaths = (
			);
			runOnlyForDeploymentPostprocessing = 0;
			shellPath = /bin/sh;
			shellScript = "diff \"${PODS_ROOT}/../Podfile.lock\" \"${PODS_ROOT}/Manifest.lock\" > /dev/null\nif [[ $? != 0 ]] ; then\n    cat << EOM\nerror: The sandbox is not in sync with the Podfile.lock. Run 'pod install' or update your CocoaPods installation.\nEOM\n    exit 1\nfi\n";
			showEnvVarsInLog = 0;
		};
/* End PBXShellScriptBuildPhase section */

/* Begin PBXSourcesBuildPhase section */
		41D6C38C1D376DEC00178107 /* Sources */ = {
			isa = PBXSourcesBuildPhase;
			buildActionMask = 2147483647;
			files = (
				416B673C1D377474001CB934 /* BlockHeader.swift in Sources */,
				41D6C3981D376DEC00178107 /* SecondViewController.swift in Sources */,
				416B673E1D377A73001CB934 /* RPCService.swift in Sources */,
				41D6C3941D376DEC00178107 /* AppDelegate.swift in Sources */,
				41D6C3961D376DEC00178107 /* FirstViewController.swift in Sources */,
				416B67401D377BE2001CB934 /* RPCInfo.swift in Sources */,
			);
			runOnlyForDeploymentPostprocessing = 0;
		};
		41D6C3A21D376DEC00178107 /* Sources */ = {
			isa = PBXSourcesBuildPhase;
			buildActionMask = 2147483647;
			files = (
				41D6C3AB1D376DEC00178107 /* MoneroWalletTests.swift in Sources */,
			);
			runOnlyForDeploymentPostprocessing = 0;
		};
		41D6C3AD1D376DEC00178107 /* Sources */ = {
			isa = PBXSourcesBuildPhase;
			buildActionMask = 2147483647;
			files = (
				41D6C3B61D376DEC00178107 /* MoneroWalletUITests.swift in Sources */,
			);
			runOnlyForDeploymentPostprocessing = 0;
		};
/* End PBXSourcesBuildPhase section */

/* Begin PBXTargetDependency section */
		41D6C3A81D376DEC00178107 /* PBXTargetDependency */ = {
			isa = PBXTargetDependency;
			target = 41D6C38F1D376DEC00178107 /* MoneroWallet */;
			targetProxy = 41D6C3A71D376DEC00178107 /* PBXContainerItemProxy */;
		};
		41D6C3B31D376DEC00178107 /* PBXTargetDependency */ = {
			isa = PBXTargetDependency;
			target = 41D6C38F1D376DEC00178107 /* MoneroWallet */;
			targetProxy = 41D6C3B21D376DEC00178107 /* PBXContainerItemProxy */;
		};
/* End PBXTargetDependency section */

/* Begin PBXVariantGroup section */
		41D6C3991D376DEC00178107 /* Main.storyboard */ = {
			isa = PBXVariantGroup;
			children = (
				41D6C39A1D376DEC00178107 /* Base */,
			);
			name = Main.storyboard;
			sourceTree = "<group>";
		};
		41D6C39E1D376DEC00178107 /* LaunchScreen.storyboard */ = {
			isa = PBXVariantGroup;
			children = (
				41D6C39F1D376DEC00178107 /* Base */,
			);
			name = LaunchScreen.storyboard;
			sourceTree = "<group>";
		};
/* End PBXVariantGroup section */

/* Begin XCBuildConfiguration section */
		41D6C3B81D376DEC00178107 /* Debug */ = {
			isa = XCBuildConfiguration;
			buildSettings = {
				ALWAYS_SEARCH_USER_PATHS = NO;
				CLANG_ANALYZER_NONNULL = YES;
				CLANG_CXX_LANGUAGE_STANDARD = "gnu++0x";
				CLANG_CXX_LIBRARY = "libc++";
				CLANG_ENABLE_MODULES = YES;
				CLANG_ENABLE_OBJC_ARC = YES;
				CLANG_WARN_BOOL_CONVERSION = YES;
				CLANG_WARN_CONSTANT_CONVERSION = YES;
				CLANG_WARN_DIRECT_OBJC_ISA_USAGE = YES_ERROR;
				CLANG_WARN_EMPTY_BODY = YES;
				CLANG_WARN_ENUM_CONVERSION = YES;
				CLANG_WARN_INT_CONVERSION = YES;
				CLANG_WARN_OBJC_ROOT_CLASS = YES_ERROR;
				CLANG_WARN_UNREACHABLE_CODE = YES;
				CLANG_WARN__DUPLICATE_METHOD_MATCH = YES;
				"CODE_SIGN_IDENTITY[sdk=iphoneos*]" = "iPhone Developer";
				COPY_PHASE_STRIP = NO;
				DEBUG_INFORMATION_FORMAT = dwarf;
				ENABLE_STRICT_OBJC_MSGSEND = YES;
				ENABLE_TESTABILITY = YES;
				GCC_C_LANGUAGE_STANDARD = gnu99;
				GCC_DYNAMIC_NO_PIC = NO;
				GCC_NO_COMMON_BLOCKS = YES;
				GCC_OPTIMIZATION_LEVEL = 0;
				GCC_PREPROCESSOR_DEFINITIONS = (
					"DEBUG=1",
					"$(inherited)",
				);
				GCC_WARN_64_TO_32_BIT_CONVERSION = YES;
				GCC_WARN_ABOUT_RETURN_TYPE = YES_ERROR;
				GCC_WARN_UNDECLARED_SELECTOR = YES;
				GCC_WARN_UNINITIALIZED_AUTOS = YES_AGGRESSIVE;
				GCC_WARN_UNUSED_FUNCTION = YES;
				GCC_WARN_UNUSED_VARIABLE = YES;
				IPHONEOS_DEPLOYMENT_TARGET = 9.3;
				MTL_ENABLE_DEBUG_INFO = YES;
				ONLY_ACTIVE_ARCH = YES;
				SDKROOT = iphoneos;
				SWIFT_OPTIMIZATION_LEVEL = "-Onone";
				TARGETED_DEVICE_FAMILY = "1,2";
			};
			name = Debug;
		};
		41D6C3B91D376DEC00178107 /* Release */ = {
			isa = XCBuildConfiguration;
			buildSettings = {
				ALWAYS_SEARCH_USER_PATHS = NO;
				CLANG_ANALYZER_NONNULL = YES;
				CLANG_CXX_LANGUAGE_STANDARD = "gnu++0x";
				CLANG_CXX_LIBRARY = "libc++";
				CLANG_ENABLE_MODULES = YES;
				CLANG_ENABLE_OBJC_ARC = YES;
				CLANG_WARN_BOOL_CONVERSION = YES;
				CLANG_WARN_CONSTANT_CONVERSION = YES;
				CLANG_WARN_DIRECT_OBJC_ISA_USAGE = YES_ERROR;
				CLANG_WARN_EMPTY_BODY = YES;
				CLANG_WARN_ENUM_CONVERSION = YES;
				CLANG_WARN_INT_CONVERSION = YES;
				CLANG_WARN_OBJC_ROOT_CLASS = YES_ERROR;
				CLANG_WARN_UNREACHABLE_CODE = YES;
				CLANG_WARN__DUPLICATE_METHOD_MATCH = YES;
				"CODE_SIGN_IDENTITY[sdk=iphoneos*]" = "iPhone Developer";
				COPY_PHASE_STRIP = NO;
				DEBUG_INFORMATION_FORMAT = "dwarf-with-dsym";
				ENABLE_NS_ASSERTIONS = NO;
				ENABLE_STRICT_OBJC_MSGSEND = YES;
				GCC_C_LANGUAGE_STANDARD = gnu99;
				GCC_NO_COMMON_BLOCKS = YES;
				GCC_WARN_64_TO_32_BIT_CONVERSION = YES;
				GCC_WARN_ABOUT_RETURN_TYPE = YES_ERROR;
				GCC_WARN_UNDECLARED_SELECTOR = YES;
				GCC_WARN_UNINITIALIZED_AUTOS = YES_AGGRESSIVE;
				GCC_WARN_UNUSED_FUNCTION = YES;
				GCC_WARN_UNUSED_VARIABLE = YES;
				IPHONEOS_DEPLOYMENT_TARGET = 9.3;
				MTL_ENABLE_DEBUG_INFO = NO;
				SDKROOT = iphoneos;
				TARGETED_DEVICE_FAMILY = "1,2";
				VALIDATE_PRODUCT = YES;
			};
			name = Release;
		};
		41D6C3BB1D376DEC00178107 /* Debug */ = {
			isa = XCBuildConfiguration;
			baseConfigurationReference = D8C25B94B5120D5608458AEA /* Pods-MoneroWallet.debug.xcconfig */;
			buildSettings = {
				ASSETCATALOG_COMPILER_APPICON_NAME = AppIcon;
				INFOPLIST_FILE = MoneroWallet/Info.plist;
				LD_RUNPATH_SEARCH_PATHS = "$(inherited) @executable_path/Frameworks";
				PRODUCT_BUNDLE_IDENTIFIER = me.ugo.MoneroWallet;
				PRODUCT_NAME = "$(TARGET_NAME)";
			};
			name = Debug;
		};
		41D6C3BC1D376DEC00178107 /* Release */ = {
			isa = XCBuildConfiguration;
			baseConfigurationReference = 6013A934601ECBEF49809FA8 /* Pods-MoneroWallet.release.xcconfig */;
			buildSettings = {
				ASSETCATALOG_COMPILER_APPICON_NAME = AppIcon;
				INFOPLIST_FILE = MoneroWallet/Info.plist;
				LD_RUNPATH_SEARCH_PATHS = "$(inherited) @executable_path/Frameworks";
				PRODUCT_BUNDLE_IDENTIFIER = me.ugo.MoneroWallet;
				PRODUCT_NAME = "$(TARGET_NAME)";
			};
			name = Release;
		};
		41D6C3BE1D376DEC00178107 /* Debug */ = {
			isa = XCBuildConfiguration;
			buildSettings = {
				BUNDLE_LOADER = "$(TEST_HOST)";
				INFOPLIST_FILE = MoneroWalletTests/Info.plist;
				LD_RUNPATH_SEARCH_PATHS = "$(inherited) @executable_path/Frameworks @loader_path/Frameworks";
				PRODUCT_BUNDLE_IDENTIFIER = me.ugo.MoneroWalletTests;
				PRODUCT_NAME = "$(TARGET_NAME)";
				TEST_HOST = "$(BUILT_PRODUCTS_DIR)/MoneroWallet.app/MoneroWallet";
			};
			name = Debug;
		};
		41D6C3BF1D376DEC00178107 /* Release */ = {
			isa = XCBuildConfiguration;
			buildSettings = {
				BUNDLE_LOADER = "$(TEST_HOST)";
				INFOPLIST_FILE = MoneroWalletTests/Info.plist;
				LD_RUNPATH_SEARCH_PATHS = "$(inherited) @executable_path/Frameworks @loader_path/Frameworks";
				PRODUCT_BUNDLE_IDENTIFIER = me.ugo.MoneroWalletTests;
				PRODUCT_NAME = "$(TARGET_NAME)";
				TEST_HOST = "$(BUILT_PRODUCTS_DIR)/MoneroWallet.app/MoneroWallet";
			};
			name = Release;
		};
		41D6C3C11D376DEC00178107 /* Debug */ = {
			isa = XCBuildConfiguration;
			buildSettings = {
				INFOPLIST_FILE = MoneroWalletUITests/Info.plist;
				LD_RUNPATH_SEARCH_PATHS = "$(inherited) @executable_path/Frameworks @loader_path/Frameworks";
				PRODUCT_BUNDLE_IDENTIFIER = me.ugo.MoneroWalletUITests;
				PRODUCT_NAME = "$(TARGET_NAME)";
				TEST_TARGET_NAME = MoneroWallet;
			};
			name = Debug;
		};
		41D6C3C21D376DEC00178107 /* Release */ = {
			isa = XCBuildConfiguration;
			buildSettings = {
				INFOPLIST_FILE = MoneroWalletUITests/Info.plist;
				LD_RUNPATH_SEARCH_PATHS = "$(inherited) @executable_path/Frameworks @loader_path/Frameworks";
				PRODUCT_BUNDLE_IDENTIFIER = me.ugo.MoneroWalletUITests;
				PRODUCT_NAME = "$(TARGET_NAME)";
				TEST_TARGET_NAME = MoneroWallet;
			};
			name = Release;
		};
/* End XCBuildConfiguration section */

/* Begin XCConfigurationList section */
		41D6C38B1D376DEC00178107 /* Build configuration list for PBXProject "MoneroWallet" */ = {
			isa = XCConfigurationList;
			buildConfigurations = (
				41D6C3B81D376DEC00178107 /* Debug */,
				41D6C3B91D376DEC00178107 /* Release */,
			);
			defaultConfigurationIsVisible = 0;
			defaultConfigurationName = Release;
		};
		41D6C3BA1D376DEC00178107 /* Build configuration list for PBXNativeTarget "MoneroWallet" */ = {
			isa = XCConfigurationList;
			buildConfigurations = (
				41D6C3BB1D376DEC00178107 /* Debug */,
				41D6C3BC1D376DEC00178107 /* Release */,
			);
			defaultConfigurationIsVisible = 0;
			defaultConfigurationName = Release;
		};
		41D6C3BD1D376DEC00178107 /* Build configuration list for PBXNativeTarget "MoneroWalletTests" */ = {
			isa = XCConfigurationList;
			buildConfigurations = (
				41D6C3BE1D376DEC00178107 /* Debug */,
				41D6C3BF1D376DEC00178107 /* Release */,
			);
			defaultConfigurationIsVisible = 0;
			defaultConfigurationName = Release;
		};
		41D6C3C01D376DEC00178107 /* Build configuration list for PBXNativeTarget "MoneroWalletUITests" */ = {
			isa = XCConfigurationList;
			buildConfigurations = (
				41D6C3C11D376DEC00178107 /* Debug */,
				41D6C3C21D376DEC00178107 /* Release */,
			);
			defaultConfigurationIsVisible = 0;
			defaultConfigurationName = Release;
		};
/* End XCConfigurationList section */
	};
	rootObject = 41D6C3881D376DEC00178107 /* Project object */;
}
