// !$*UTF8*$!
{
	archiveVersion = 1;
	classes = {
	};
	objectVersion = 46;
	objects = {

/* Begin PBXBuildFile section */
		410EC6431D7C71AE008720C5 /* wallet2.cpp in Sources */ = {isa = PBXBuildFile; fileRef = 410EC6401D7C71AE008720C5 /* wallet2.cpp */; };
		410EC64F1D7C759E008720C5 /* rctCryptoOps.c in Sources */ = {isa = PBXBuildFile; fileRef = 410EC6461D7C759E008720C5 /* rctCryptoOps.c */; };
		410EC6501D7C759E008720C5 /* rctOps.cpp in Sources */ = {isa = PBXBuildFile; fileRef = 410EC6481D7C759E008720C5 /* rctOps.cpp */; };
		410EC6511D7C759E008720C5 /* rctSigs.cpp in Sources */ = {isa = PBXBuildFile; fileRef = 410EC64A1D7C759E008720C5 /* rctSigs.cpp */; };
		410EC6521D7C759E008720C5 /* rctTypes.cpp in Sources */ = {isa = PBXBuildFile; fileRef = 410EC64C1D7C759E008720C5 /* rctTypes.cpp */; };
		4119F6011D39B56200743CF5 /* Boost in Resources */ = {isa = PBXBuildFile; fileRef = 4119F6001D39B56100743CF5 /* Boost */; };
		412565AC1D3A1F2B0055700F /* i18n.cpp in Sources */ = {isa = PBXBuildFile; fileRef = 4125655E1D3A1F2B0055700F /* i18n.cpp */; };
		412565AE1D3A1F2B0055700F /* util.cpp in Sources */ = {isa = PBXBuildFile; fileRef = 412565681D3A1F2B0055700F /* util.cpp */; };
		412565AF1D3A1F2B0055700F /* chacha8.c in Sources */ = {isa = PBXBuildFile; fileRef = 4125656C1D3A1F2B0055700F /* chacha8.c */; };
		412565B01D3A1F2B0055700F /* crypto-ops.c in Sources */ = {isa = PBXBuildFile; fileRef = 4125656E1D3A1F2B0055700F /* crypto-ops.c */; };
		412565B11D3A1F2B0055700F /* crypto.cpp in Sources */ = {isa = PBXBuildFile; fileRef = 412565701D3A1F2B0055700F /* crypto.cpp */; };
		412565B21D3A1F2B0055700F /* hash.c in Sources */ = {isa = PBXBuildFile; fileRef = 412565741D3A1F2B0055700F /* hash.c */; };
		412565B31D3A1F2B0055700F /* keccak.c in Sources */ = {isa = PBXBuildFile; fileRef = 412565761D3A1F2B0055700F /* keccak.c */; };
		412565B41D3A1F2B0055700F /* random.c in Sources */ = {isa = PBXBuildFile; fileRef = 412565781D3A1F2B0055700F /* random.c */; };
		412565B51D3A1F2B0055700F /* account.cpp in Sources */ = {isa = PBXBuildFile; fileRef = 4125657B1D3A1F2B0055700F /* account.cpp */; };
		412565B61D3A1F2B0055700F /* cryptonote_basic_impl.cpp in Sources */ = {isa = PBXBuildFile; fileRef = 4125657F1D3A1F2B0055700F /* cryptonote_basic_impl.cpp */; };
		412565B71D3A1F2B0055700F /* cryptonote_format_utils.cpp in Sources */ = {isa = PBXBuildFile; fileRef = 412565821D3A1F2B0055700F /* cryptonote_format_utils.cpp */; };
		412565B81D3A1F2B0055700F /* difficulty.cpp in Sources */ = {isa = PBXBuildFile; fileRef = 412565841D3A1F2B0055700F /* difficulty.cpp */; };
		412565BA1D3A1F2B0055700F /* electrum-words.cpp in Sources */ = {isa = PBXBuildFile; fileRef = 4125658C1D3A1F2B0055700F /* electrum-words.cpp */; };
		412565BE1D3A1F4C0055700F /* version.cmake in Resources */ = {isa = PBXBuildFile; fileRef = 412565BC1D3A1F4C0055700F /* version.cmake */; };
		412565BF1D3A1F4C0055700F /* version.h.in in Resources */ = {isa = PBXBuildFile; fileRef = 412565BD1D3A1F4C0055700F /* version.h.in */; };
		412568CD1D3A2BA10055700F /* miner.cpp in Sources */ = {isa = PBXBuildFile; fileRef = 412568CB1D3A2BA10055700F /* miner.cpp */; };
		412568CF1D3A33610055700F /* slow-hash.c in Sources */ = {isa = PBXBuildFile; fileRef = 412568CE1D3A33610055700F /* slow-hash.c */; };
		412568D21D3A33BD0055700F /* crypto-ops-data.c in Sources */ = {isa = PBXBuildFile; fileRef = 412568D11D3A33BD0055700F /* crypto-ops-data.c */; };
		412568D51D3A34100055700F /* oaes_lib.c in Sources */ = {isa = PBXBuildFile; fileRef = 412568D31D3A34100055700F /* oaes_lib.c */; };
		412568DB1D3A55920055700F /* aesb.c in Sources */ = {isa = PBXBuildFile; fileRef = 412568D61D3A55920055700F /* aesb.c */; };
		412568DC1D3A55920055700F /* hash-extra-blake.c in Sources */ = {isa = PBXBuildFile; fileRef = 412568D71D3A55920055700F /* hash-extra-blake.c */; };
		412568DD1D3A55920055700F /* hash-extra-jh.c in Sources */ = {isa = PBXBuildFile; fileRef = 412568D81D3A55920055700F /* hash-extra-jh.c */; };
		412568DE1D3A55920055700F /* hash-extra-groestl.c in Sources */ = {isa = PBXBuildFile; fileRef = 412568D91D3A55920055700F /* hash-extra-groestl.c */; };
		412568E11D3A55D20055700F /* groestl.c in Sources */ = {isa = PBXBuildFile; fileRef = 412568DF1D3A55D20055700F /* groestl.c */; };
		412568E41D3A55F40055700F /* blake256.c in Sources */ = {isa = PBXBuildFile; fileRef = 412568E21D3A55F40055700F /* blake256.c */; };
		412568E71D3A56110055700F /* jh.c in Sources */ = {isa = PBXBuildFile; fileRef = 412568E51D3A56110055700F /* jh.c */; };
		412568ED1D3A56A90055700F /* tree-hash.c in Sources */ = {isa = PBXBuildFile; fileRef = 412568E91D3A56A90055700F /* tree-hash.c */; };
		412568EE1D3A56A90055700F /* skein.c in Sources */ = {isa = PBXBuildFile; fileRef = 412568EA1D3A56A90055700F /* skein.c */; };
		412568EF1D3A56A90055700F /* hash-extra-skein.c in Sources */ = {isa = PBXBuildFile; fileRef = 412568EC1D3A56A90055700F /* hash-extra-skein.c */; };
		412E204F1DCE185B00F1BB42 /* TransactionHistory.mm in Sources */ = {isa = PBXBuildFile; fileRef = 412E204E1DCE185B00F1BB42 /* TransactionHistory.mm */; };
		412E20551DCE2F3400F1BB42 /* PendingTransactionm.mm in Sources */ = {isa = PBXBuildFile; fileRef = 412E20541DCE2F3400F1BB42 /* PendingTransactionm.mm */; };
		412E20581DCE324000F1BB42 /* TransactionInfo.mm in Sources */ = {isa = PBXBuildFile; fileRef = 412E20571DCE324000F1BB42 /* TransactionInfo.mm */; };
		412E205B1DCE339200F1BB42 /* WalletManager.mm in Sources */ = {isa = PBXBuildFile; fileRef = 412E205A1DCE339200F1BB42 /* WalletManager.mm */; };
		416B673C1D377474001CB934 /* BlockHeader.swift in Sources */ = {isa = PBXBuildFile; fileRef = 416B673B1D377474001CB934 /* BlockHeader.swift */; };
		416B673E1D377A73001CB934 /* RPCService.swift in Sources */ = {isa = PBXBuildFile; fileRef = 416B673D1D377A73001CB934 /* RPCService.swift */; };
		416B67401D377BE2001CB934 /* RPCInfo.swift in Sources */ = {isa = PBXBuildFile; fileRef = 416B673F1D377BE2001CB934 /* RPCInfo.swift */; };
		418241821DCF40A700A666C2 /* MainViewController.swift in Sources */ = {isa = PBXBuildFile; fileRef = 418241811DCF40A700A666C2 /* MainViewController.swift */; };
		418241841DCF411000A666C2 /* WalletStore.swift in Sources */ = {isa = PBXBuildFile; fileRef = 418241831DCF411000A666C2 /* WalletStore.swift */; };
		418241861DCF41E500A666C2 /* CreateWalletViewController.swift in Sources */ = {isa = PBXBuildFile; fileRef = 418241851DCF41E500A666C2 /* CreateWalletViewController.swift */; };
		418241881DCF43DB00A666C2 /* OpenWalletViewController.swift in Sources */ = {isa = PBXBuildFile; fileRef = 418241871DCF43DB00A666C2 /* OpenWalletViewController.swift */; };
		4182418A1DCF444E00A666C2 /* WalletViewController.swift in Sources */ = {isa = PBXBuildFile; fileRef = 418241891DCF444E00A666C2 /* WalletViewController.swift */; };
		41B0220C1D43329600B5B801 /* Wallet.mm in Sources */ = {isa = PBXBuildFile; fileRef = 41B0220B1D43329600B5B801 /* Wallet.mm */; };
		41CE5CEA1DC56661007AAE50 /* pending_transaction.cpp in Sources */ = {isa = PBXBuildFile; fileRef = 41CE5CDF1DC56661007AAE50 /* pending_transaction.cpp */; };
		41CE5CEB1DC56661007AAE50 /* transaction_history.cpp in Sources */ = {isa = PBXBuildFile; fileRef = 41CE5CE11DC56661007AAE50 /* transaction_history.cpp */; };
		41CE5CEC1DC56661007AAE50 /* transaction_info.cpp in Sources */ = {isa = PBXBuildFile; fileRef = 41CE5CE31DC56661007AAE50 /* transaction_info.cpp */; };
		41CE5CED1DC56661007AAE50 /* utils.cpp in Sources */ = {isa = PBXBuildFile; fileRef = 41CE5CE51DC56661007AAE50 /* utils.cpp */; };
		41CE5CEE1DC56661007AAE50 /* wallet.cpp in Sources */ = {isa = PBXBuildFile; fileRef = 41CE5CE61DC56661007AAE50 /* wallet.cpp */; };
		41CE5CEF1DC56661007AAE50 /* wallet_manager.cpp in Sources */ = {isa = PBXBuildFile; fileRef = 41CE5CE81DC56661007AAE50 /* wallet_manager.cpp */; };
		41CE5D041DC567E0007AAE50 /* base58.cpp in Sources */ = {isa = PBXBuildFile; fileRef = 41CE5CF01DC567E0007AAE50 /* base58.cpp */; };
		41CE5D051DC567E0007AAE50 /* CMakeLists.txt in Resources */ = {isa = PBXBuildFile; fileRef = 41CE5CF31DC567E0007AAE50 /* CMakeLists.txt */; };
		41CE5D061DC567E0007AAE50 /* command_line.cpp in Sources */ = {isa = PBXBuildFile; fileRef = 41CE5CF41DC567E0007AAE50 /* command_line.cpp */; };
		41CE5D081DC567E0007AAE50 /* perf_timer.cpp in Sources */ = {isa = PBXBuildFile; fileRef = 41CE5CFB1DC567E0007AAE50 /* perf_timer.cpp */; };
		41D6C3941D376DEC00178107 /* AppDelegate.swift in Sources */ = {isa = PBXBuildFile; fileRef = 41D6C3931D376DEC00178107 /* AppDelegate.swift */; };
		41D6C3961D376DEC00178107 /* FirstViewController.swift in Sources */ = {isa = PBXBuildFile; fileRef = 41D6C3951D376DEC00178107 /* FirstViewController.swift */; };
		41D6C3981D376DEC00178107 /* SecondViewController.swift in Sources */ = {isa = PBXBuildFile; fileRef = 41D6C3971D376DEC00178107 /* SecondViewController.swift */; };
		41D6C39B1D376DEC00178107 /* Main.storyboard in Resources */ = {isa = PBXBuildFile; fileRef = 41D6C3991D376DEC00178107 /* Main.storyboard */; };
		41D6C39D1D376DEC00178107 /* Assets.xcassets in Resources */ = {isa = PBXBuildFile; fileRef = 41D6C39C1D376DEC00178107 /* Assets.xcassets */; };
		41D6C3A01D376DEC00178107 /* LaunchScreen.storyboard in Resources */ = {isa = PBXBuildFile; fileRef = 41D6C39E1D376DEC00178107 /* LaunchScreen.storyboard */; };
		41D6C3AB1D376DEC00178107 /* MoneroWalletTests.swift in Sources */ = {isa = PBXBuildFile; fileRef = 41D6C3AA1D376DEC00178107 /* MoneroWalletTests.swift */; };
		41D6C3B61D376DEC00178107 /* MoneroWalletUITests.swift in Sources */ = {isa = PBXBuildFile; fileRef = 41D6C3B51D376DEC00178107 /* MoneroWalletUITests.swift */; };
		41DD41D21D3A19FD00296BB4 /* libboost.a in Frameworks */ = {isa = PBXBuildFile; fileRef = 41DD41D11D3A19FD00296BB4 /* libboost.a */; };
/* End PBXBuildFile section */

/* Begin PBXContainerItemProxy section */
		41D6C3A71D376DEC00178107 /* PBXContainerItemProxy */ = {
			isa = PBXContainerItemProxy;
			containerPortal = 41D6C3881D376DEC00178107 /* Project object */;
			proxyType = 1;
			remoteGlobalIDString = 41D6C38F1D376DEC00178107;
			remoteInfo = MoneroWallet;
		};
		41D6C3B21D376DEC00178107 /* PBXContainerItemProxy */ = {
			isa = PBXContainerItemProxy;
			containerPortal = 41D6C3881D376DEC00178107 /* Project object */;
			proxyType = 1;
			remoteGlobalIDString = 41D6C38F1D376DEC00178107;
			remoteInfo = MoneroWallet;
		};
/* End PBXContainerItemProxy section */

/* Begin PBXFileReference section */
		410EC6401D7C71AE008720C5 /* wallet2.cpp */ = {isa = PBXFileReference; fileEncoding = 4; lastKnownFileType = sourcecode.cpp.cpp; path = wallet2.cpp; sourceTree = "<group>"; };
		410EC6411D7C71AE008720C5 /* wallet2.h */ = {isa = PBXFileReference; fileEncoding = 4; lastKnownFileType = sourcecode.c.h; path = wallet2.h; sourceTree = "<group>"; };
		410EC6421D7C71AE008720C5 /* wallet_errors.h */ = {isa = PBXFileReference; fileEncoding = 4; lastKnownFileType = sourcecode.c.h; path = wallet_errors.h; sourceTree = "<group>"; };
		410EC6451D7C759E008720C5 /* CMakeLists.txt */ = {isa = PBXFileReference; fileEncoding = 4; lastKnownFileType = text; path = CMakeLists.txt; sourceTree = "<group>"; };
		410EC6461D7C759E008720C5 /* rctCryptoOps.c */ = {isa = PBXFileReference; fileEncoding = 4; lastKnownFileType = sourcecode.c.c; path = rctCryptoOps.c; sourceTree = "<group>"; };
		410EC6471D7C759E008720C5 /* rctCryptoOps.h */ = {isa = PBXFileReference; fileEncoding = 4; lastKnownFileType = sourcecode.c.h; path = rctCryptoOps.h; sourceTree = "<group>"; };
		410EC6481D7C759E008720C5 /* rctOps.cpp */ = {isa = PBXFileReference; fileEncoding = 4; lastKnownFileType = sourcecode.cpp.cpp; path = rctOps.cpp; sourceTree = "<group>"; };
		410EC6491D7C759E008720C5 /* rctOps.h */ = {isa = PBXFileReference; fileEncoding = 4; lastKnownFileType = sourcecode.c.h; path = rctOps.h; sourceTree = "<group>"; };
		410EC64A1D7C759E008720C5 /* rctSigs.cpp */ = {isa = PBXFileReference; fileEncoding = 4; lastKnownFileType = sourcecode.cpp.cpp; path = rctSigs.cpp; sourceTree = "<group>"; };
		410EC64B1D7C759E008720C5 /* rctSigs.h */ = {isa = PBXFileReference; fileEncoding = 4; lastKnownFileType = sourcecode.c.h; path = rctSigs.h; sourceTree = "<group>"; };
		410EC64C1D7C759E008720C5 /* rctTypes.cpp */ = {isa = PBXFileReference; fileEncoding = 4; lastKnownFileType = sourcecode.cpp.cpp; path = rctTypes.cpp; sourceTree = "<group>"; };
		410EC64D1D7C759E008720C5 /* rctTypes.h */ = {isa = PBXFileReference; fileEncoding = 4; lastKnownFileType = sourcecode.c.h; path = rctTypes.h; sourceTree = "<group>"; };
		4119F6001D39B56100743CF5 /* Boost */ = {isa = PBXFileReference; lastKnownFileType = folder; path = Boost; sourceTree = "<group>"; };
		412565551D3A1F2B0055700F /* base58.cpp */ = {isa = PBXFileReference; fileEncoding = 4; lastKnownFileType = sourcecode.cpp.cpp; path = base58.cpp; sourceTree = "<group>"; };
		412565561D3A1F2B0055700F /* base58.h */ = {isa = PBXFileReference; fileEncoding = 4; lastKnownFileType = sourcecode.c.h; path = base58.h; sourceTree = "<group>"; };
		412565571D3A1F2B0055700F /* boost_serialization_helper.h */ = {isa = PBXFileReference; fileEncoding = 4; lastKnownFileType = sourcecode.c.h; path = boost_serialization_helper.h; sourceTree = "<group>"; };
		412565581D3A1F2B0055700F /* CMakeLists.txt */ = {isa = PBXFileReference; fileEncoding = 4; lastKnownFileType = text; path = CMakeLists.txt; sourceTree = "<group>"; };
		412565591D3A1F2B0055700F /* command_line.cpp */ = {isa = PBXFileReference; fileEncoding = 4; lastKnownFileType = sourcecode.cpp.cpp; path = command_line.cpp; sourceTree = "<group>"; };
		4125655A1D3A1F2B0055700F /* command_line.h */ = {isa = PBXFileReference; fileEncoding = 4; lastKnownFileType = sourcecode.c.h; path = command_line.h; sourceTree = "<group>"; };
		4125655D1D3A1F2B0055700F /* http_connection.h */ = {isa = PBXFileReference; fileEncoding = 4; lastKnownFileType = sourcecode.c.h; path = http_connection.h; sourceTree = "<group>"; };
		4125655E1D3A1F2B0055700F /* i18n.cpp */ = {isa = PBXFileReference; fileEncoding = 4; lastKnownFileType = sourcecode.cpp.cpp; path = i18n.cpp; sourceTree = "<group>"; };
		4125655F1D3A1F2B0055700F /* i18n.h */ = {isa = PBXFileReference; fileEncoding = 4; lastKnownFileType = sourcecode.c.h; path = i18n.h; sourceTree = "<group>"; };
		412565601D3A1F2B0055700F /* int-util.h */ = {isa = PBXFileReference; fileEncoding = 4; lastKnownFileType = sourcecode.c.h; path = "int-util.h"; sourceTree = "<group>"; };
		412565611D3A1F2B0055700F /* json_util.h */ = {isa = PBXFileReference; fileEncoding = 4; lastKnownFileType = sourcecode.c.h; path = json_util.h; sourceTree = "<group>"; };
		412565621D3A1F2B0055700F /* pod-class.h */ = {isa = PBXFileReference; fileEncoding = 4; lastKnownFileType = sourcecode.c.h; path = "pod-class.h"; sourceTree = "<group>"; };
		412565631D3A1F2B0055700F /* rpc_client.h */ = {isa = PBXFileReference; fileEncoding = 4; lastKnownFileType = sourcecode.c.h; path = rpc_client.h; sourceTree = "<group>"; };
		412565641D3A1F2B0055700F /* scoped_message_writer.h */ = {isa = PBXFileReference; fileEncoding = 4; lastKnownFileType = sourcecode.c.h; path = scoped_message_writer.h; sourceTree = "<group>"; };
		412565671D3A1F2B0055700F /* unordered_containers_boost_serialization.h */ = {isa = PBXFileReference; fileEncoding = 4; lastKnownFileType = sourcecode.c.h; path = unordered_containers_boost_serialization.h; sourceTree = "<group>"; };
		412565681D3A1F2B0055700F /* util.cpp */ = {isa = PBXFileReference; fileEncoding = 4; lastKnownFileType = sourcecode.cpp.cpp; path = util.cpp; sourceTree = "<group>"; };
		412565691D3A1F2B0055700F /* util.h */ = {isa = PBXFileReference; fileEncoding = 4; lastKnownFileType = sourcecode.c.h; path = util.h; sourceTree = "<group>"; };
		4125656A1D3A1F2B0055700F /* varint.h */ = {isa = PBXFileReference; fileEncoding = 4; lastKnownFileType = sourcecode.c.h; path = varint.h; sourceTree = "<group>"; };
		4125656C1D3A1F2B0055700F /* chacha8.c */ = {isa = PBXFileReference; fileEncoding = 4; lastKnownFileType = sourcecode.c.c; path = chacha8.c; sourceTree = "<group>"; };
		4125656D1D3A1F2B0055700F /* chacha8.h */ = {isa = PBXFileReference; fileEncoding = 4; lastKnownFileType = sourcecode.c.h; path = chacha8.h; sourceTree = "<group>"; };
		4125656E1D3A1F2B0055700F /* crypto-ops.c */ = {isa = PBXFileReference; fileEncoding = 4; lastKnownFileType = sourcecode.c.c; path = "crypto-ops.c"; sourceTree = "<group>"; };
		4125656F1D3A1F2B0055700F /* crypto-ops.h */ = {isa = PBXFileReference; fileEncoding = 4; lastKnownFileType = sourcecode.c.h; path = "crypto-ops.h"; sourceTree = "<group>"; };
		412565701D3A1F2B0055700F /* crypto.cpp */ = {isa = PBXFileReference; fileEncoding = 4; lastKnownFileType = sourcecode.cpp.cpp; path = crypto.cpp; sourceTree = "<group>"; };
		412565711D3A1F2B0055700F /* crypto.h */ = {isa = PBXFileReference; fileEncoding = 4; lastKnownFileType = sourcecode.c.h; path = crypto.h; sourceTree = "<group>"; };
		412565721D3A1F2B0055700F /* generic-ops.h */ = {isa = PBXFileReference; fileEncoding = 4; lastKnownFileType = sourcecode.c.h; path = "generic-ops.h"; sourceTree = "<group>"; };
		412565731D3A1F2B0055700F /* hash-ops.h */ = {isa = PBXFileReference; fileEncoding = 4; lastKnownFileType = sourcecode.c.h; path = "hash-ops.h"; sourceTree = "<group>"; };
		412565741D3A1F2B0055700F /* hash.c */ = {isa = PBXFileReference; fileEncoding = 4; lastKnownFileType = sourcecode.c.c; path = hash.c; sourceTree = "<group>"; };
		412565751D3A1F2B0055700F /* hash.h */ = {isa = PBXFileReference; fileEncoding = 4; lastKnownFileType = sourcecode.c.h; path = hash.h; sourceTree = "<group>"; };
		412565761D3A1F2B0055700F /* keccak.c */ = {isa = PBXFileReference; fileEncoding = 4; lastKnownFileType = sourcecode.c.c; path = keccak.c; sourceTree = "<group>"; };
		412565771D3A1F2B0055700F /* keccak.h */ = {isa = PBXFileReference; fileEncoding = 4; lastKnownFileType = sourcecode.c.h; path = keccak.h; sourceTree = "<group>"; };
		412565781D3A1F2B0055700F /* random.c */ = {isa = PBXFileReference; fileEncoding = 4; lastKnownFileType = sourcecode.c.c; path = random.c; sourceTree = "<group>"; };
		412565791D3A1F2B0055700F /* random.h */ = {isa = PBXFileReference; fileEncoding = 4; lastKnownFileType = sourcecode.c.h; path = random.h; sourceTree = "<group>"; };
		4125657B1D3A1F2B0055700F /* account.cpp */ = {isa = PBXFileReference; fileEncoding = 4; lastKnownFileType = sourcecode.cpp.cpp; path = account.cpp; sourceTree = "<group>"; };
		4125657C1D3A1F2B0055700F /* account.h */ = {isa = PBXFileReference; fileEncoding = 4; lastKnownFileType = sourcecode.c.h; path = account.h; sourceTree = "<group>"; };
		4125657D1D3A1F2B0055700F /* account_boost_serialization.h */ = {isa = PBXFileReference; fileEncoding = 4; lastKnownFileType = sourcecode.c.h; path = account_boost_serialization.h; sourceTree = "<group>"; };
		4125657E1D3A1F2B0055700F /* cryptonote_basic.h */ = {isa = PBXFileReference; fileEncoding = 4; lastKnownFileType = sourcecode.c.h; path = cryptonote_basic.h; sourceTree = "<group>"; };
		4125657F1D3A1F2B0055700F /* cryptonote_basic_impl.cpp */ = {isa = PBXFileReference; fileEncoding = 4; lastKnownFileType = sourcecode.cpp.cpp; path = cryptonote_basic_impl.cpp; sourceTree = "<group>"; };
		412565801D3A1F2B0055700F /* cryptonote_basic_impl.h */ = {isa = PBXFileReference; fileEncoding = 4; lastKnownFileType = sourcecode.c.h; path = cryptonote_basic_impl.h; sourceTree = "<group>"; };
		412565811D3A1F2B0055700F /* cryptonote_boost_serialization.h */ = {isa = PBXFileReference; fileEncoding = 4; lastKnownFileType = sourcecode.c.h; path = cryptonote_boost_serialization.h; sourceTree = "<group>"; };
		412565821D3A1F2B0055700F /* cryptonote_format_utils.cpp */ = {isa = PBXFileReference; fileEncoding = 4; lastKnownFileType = sourcecode.cpp.cpp; path = cryptonote_format_utils.cpp; sourceTree = "<group>"; };
		412565831D3A1F2B0055700F /* cryptonote_format_utils.h */ = {isa = PBXFileReference; fileEncoding = 4; lastKnownFileType = sourcecode.c.h; path = cryptonote_format_utils.h; sourceTree = "<group>"; };
		412565841D3A1F2B0055700F /* difficulty.cpp */ = {isa = PBXFileReference; fileEncoding = 4; lastKnownFileType = sourcecode.cpp.cpp; path = difficulty.cpp; sourceTree = "<group>"; };
		412565851D3A1F2B0055700F /* difficulty.h */ = {isa = PBXFileReference; fileEncoding = 4; lastKnownFileType = sourcecode.c.h; path = difficulty.h; sourceTree = "<group>"; };
		412565861D3A1F2B0055700F /* tx_extra.h */ = {isa = PBXFileReference; fileEncoding = 4; lastKnownFileType = sourcecode.c.h; path = tx_extra.h; sourceTree = "<group>"; };
		412565881D3A1F2B0055700F /* blobdatatype.h */ = {isa = PBXFileReference; fileEncoding = 4; lastKnownFileType = sourcecode.c.h; path = blobdatatype.h; sourceTree = "<group>"; };
		412565891D3A1F2B0055700F /* cryptonote_protocol_defs.h */ = {isa = PBXFileReference; fileEncoding = 4; lastKnownFileType = sourcecode.c.h; path = cryptonote_protocol_defs.h; sourceTree = "<group>"; };
		4125658B1D3A1F2B0055700F /* CMakeLists.txt */ = {isa = PBXFileReference; fileEncoding = 4; lastKnownFileType = text; path = CMakeLists.txt; sourceTree = "<group>"; };
		4125658C1D3A1F2B0055700F /* electrum-words.cpp */ = {isa = PBXFileReference; fileEncoding = 4; lastKnownFileType = sourcecode.cpp.cpp; path = "electrum-words.cpp"; sourceTree = "<group>"; };
		4125658D1D3A1F2B0055700F /* electrum-words.h */ = {isa = PBXFileReference; fileEncoding = 4; lastKnownFileType = sourcecode.c.h; path = "electrum-words.h"; sourceTree = "<group>"; };
		4125658E1D3A1F2B0055700F /* english.h */ = {isa = PBXFileReference; fileEncoding = 4; lastKnownFileType = sourcecode.c.h; path = english.h; sourceTree = "<group>"; };
		4125658F1D3A1F2B0055700F /* german.h */ = {isa = PBXFileReference; fileEncoding = 4; lastKnownFileType = sourcecode.c.h; path = german.h; sourceTree = "<group>"; };
		412565901D3A1F2B0055700F /* italian.h */ = {isa = PBXFileReference; fileEncoding = 4; lastKnownFileType = sourcecode.c.h; path = italian.h; sourceTree = "<group>"; };
		412565911D3A1F2B0055700F /* japanese.h */ = {isa = PBXFileReference; fileEncoding = 4; lastKnownFileType = sourcecode.c.h; path = japanese.h; sourceTree = "<group>"; };
		412565921D3A1F2B0055700F /* language_base.h */ = {isa = PBXFileReference; fileEncoding = 4; lastKnownFileType = sourcecode.c.h; path = language_base.h; sourceTree = "<group>"; };
		412565931D3A1F2B0055700F /* old_english.h */ = {isa = PBXFileReference; fileEncoding = 4; lastKnownFileType = sourcecode.c.h; path = old_english.h; sourceTree = "<group>"; };
		412565941D3A1F2B0055700F /* portuguese.h */ = {isa = PBXFileReference; fileEncoding = 4; lastKnownFileType = sourcecode.c.h; path = portuguese.h; sourceTree = "<group>"; };
		412565951D3A1F2B0055700F /* russian.h */ = {isa = PBXFileReference; fileEncoding = 4; lastKnownFileType = sourcecode.c.h; path = russian.h; sourceTree = "<group>"; };
		412565961D3A1F2B0055700F /* singleton.h */ = {isa = PBXFileReference; fileEncoding = 4; lastKnownFileType = sourcecode.c.h; path = singleton.h; sourceTree = "<group>"; };
		412565971D3A1F2B0055700F /* spanish.h */ = {isa = PBXFileReference; fileEncoding = 4; lastKnownFileType = sourcecode.c.h; path = spanish.h; sourceTree = "<group>"; };
		4125659E1D3A1F2B0055700F /* binary_archive.h */ = {isa = PBXFileReference; fileEncoding = 4; lastKnownFileType = sourcecode.c.h; path = binary_archive.h; sourceTree = "<group>"; };
		4125659F1D3A1F2B0055700F /* binary_utils.h */ = {isa = PBXFileReference; fileEncoding = 4; lastKnownFileType = sourcecode.c.h; path = binary_utils.h; sourceTree = "<group>"; };
		412565A01D3A1F2B0055700F /* crypto.h */ = {isa = PBXFileReference; fileEncoding = 4; lastKnownFileType = sourcecode.c.h; path = crypto.h; sourceTree = "<group>"; };
		412565A11D3A1F2B0055700F /* debug_archive.h */ = {isa = PBXFileReference; fileEncoding = 4; lastKnownFileType = sourcecode.c.h; path = debug_archive.h; sourceTree = "<group>"; };
		412565A21D3A1F2B0055700F /* json_archive.h */ = {isa = PBXFileReference; fileEncoding = 4; lastKnownFileType = sourcecode.c.h; path = json_archive.h; sourceTree = "<group>"; };
		412565A31D3A1F2B0055700F /* json_utils.h */ = {isa = PBXFileReference; fileEncoding = 4; lastKnownFileType = sourcecode.c.h; path = json_utils.h; sourceTree = "<group>"; };
		412565A41D3A1F2B0055700F /* serialization.h */ = {isa = PBXFileReference; fileEncoding = 4; lastKnownFileType = sourcecode.c.h; path = serialization.h; sourceTree = "<group>"; };
		412565A51D3A1F2B0055700F /* string.h */ = {isa = PBXFileReference; fileEncoding = 4; lastKnownFileType = sourcecode.c.h; path = string.h; sourceTree = "<group>"; };
		412565A61D3A1F2B0055700F /* variant.h */ = {isa = PBXFileReference; fileEncoding = 4; lastKnownFileType = sourcecode.c.h; path = variant.h; sourceTree = "<group>"; };
		412565A71D3A1F2B0055700F /* vector.h */ = {isa = PBXFileReference; fileEncoding = 4; lastKnownFileType = sourcecode.c.h; path = vector.h; sourceTree = "<group>"; };
		412565BB1D3A1F3D0055700F /* cryptonote_config.h */ = {isa = PBXFileReference; lastKnownFileType = sourcecode.c.h; name = cryptonote_config.h; path = src/cryptonote_config.h; sourceTree = "<group>"; };
		412565BC1D3A1F4C0055700F /* version.cmake */ = {isa = PBXFileReference; fileEncoding = 4; lastKnownFileType = text; name = version.cmake; path = src/version.cmake; sourceTree = "<group>"; };
		412565BD1D3A1F4C0055700F /* version.h.in */ = {isa = PBXFileReference; fileEncoding = 4; lastKnownFileType = text; name = version.h.in; path = src/version.h.in; sourceTree = "<group>"; };
		412565C11D3A1FD20055700F /* CMakeLists.txt */ = {isa = PBXFileReference; fileEncoding = 4; lastKnownFileType = text; path = CMakeLists.txt; sourceTree = "<group>"; };
		412565C31D3A1FD20055700F /* allocators.h */ = {isa = PBXFileReference; fileEncoding = 4; lastKnownFileType = sourcecode.c.h; path = allocators.h; sourceTree = "<group>"; };
		412565C41D3A1FD20055700F /* document.h */ = {isa = PBXFileReference; fileEncoding = 4; lastKnownFileType = sourcecode.c.h; path = document.h; sourceTree = "<group>"; };
		412565C51D3A1FD20055700F /* encodedstream.h */ = {isa = PBXFileReference; fileEncoding = 4; lastKnownFileType = sourcecode.c.h; path = encodedstream.h; sourceTree = "<group>"; };
		412565C61D3A1FD20055700F /* encodings.h */ = {isa = PBXFileReference; fileEncoding = 4; lastKnownFileType = sourcecode.c.h; path = encodings.h; sourceTree = "<group>"; };
		412565C81D3A1FD20055700F /* en.h */ = {isa = PBXFileReference; fileEncoding = 4; lastKnownFileType = sourcecode.c.h; path = en.h; sourceTree = "<group>"; };
		412565C91D3A1FD20055700F /* error.h */ = {isa = PBXFileReference; fileEncoding = 4; lastKnownFileType = sourcecode.c.h; path = error.h; sourceTree = "<group>"; };
		412565CA1D3A1FD20055700F /* filereadstream.h */ = {isa = PBXFileReference; fileEncoding = 4; lastKnownFileType = sourcecode.c.h; path = filereadstream.h; sourceTree = "<group>"; };
		412565CB1D3A1FD20055700F /* filewritestream.h */ = {isa = PBXFileReference; fileEncoding = 4; lastKnownFileType = sourcecode.c.h; path = filewritestream.h; sourceTree = "<group>"; };
		412565CD1D3A1FD20055700F /* biginteger.h */ = {isa = PBXFileReference; fileEncoding = 4; lastKnownFileType = sourcecode.c.h; path = biginteger.h; sourceTree = "<group>"; };
		412565CE1D3A1FD20055700F /* diyfp.h */ = {isa = PBXFileReference; fileEncoding = 4; lastKnownFileType = sourcecode.c.h; path = diyfp.h; sourceTree = "<group>"; };
		412565CF1D3A1FD20055700F /* dtoa.h */ = {isa = PBXFileReference; fileEncoding = 4; lastKnownFileType = sourcecode.c.h; path = dtoa.h; sourceTree = "<group>"; };
		412565D01D3A1FD20055700F /* ieee754.h */ = {isa = PBXFileReference; fileEncoding = 4; lastKnownFileType = sourcecode.c.h; path = ieee754.h; sourceTree = "<group>"; };
		412565D11D3A1FD20055700F /* itoa.h */ = {isa = PBXFileReference; fileEncoding = 4; lastKnownFileType = sourcecode.c.h; path = itoa.h; sourceTree = "<group>"; };
		412565D21D3A1FD20055700F /* meta.h */ = {isa = PBXFileReference; fileEncoding = 4; lastKnownFileType = sourcecode.c.h; path = meta.h; sourceTree = "<group>"; };
		412565D31D3A1FD20055700F /* pow10.h */ = {isa = PBXFileReference; fileEncoding = 4; lastKnownFileType = sourcecode.c.h; path = pow10.h; sourceTree = "<group>"; };
		412565D41D3A1FD20055700F /* stack.h */ = {isa = PBXFileReference; fileEncoding = 4; lastKnownFileType = sourcecode.c.h; path = stack.h; sourceTree = "<group>"; };
		412565D51D3A1FD20055700F /* strfunc.h */ = {isa = PBXFileReference; fileEncoding = 4; lastKnownFileType = sourcecode.c.h; path = strfunc.h; sourceTree = "<group>"; };
		412565D61D3A1FD20055700F /* strtod.h */ = {isa = PBXFileReference; fileEncoding = 4; lastKnownFileType = sourcecode.c.h; path = strtod.h; sourceTree = "<group>"; };
		412565D71D3A1FD20055700F /* swap.h */ = {isa = PBXFileReference; fileEncoding = 4; lastKnownFileType = sourcecode.c.h; path = swap.h; sourceTree = "<group>"; };
		412565D81D3A1FD20055700F /* memorybuffer.h */ = {isa = PBXFileReference; fileEncoding = 4; lastKnownFileType = sourcecode.c.h; path = memorybuffer.h; sourceTree = "<group>"; };
		412565D91D3A1FD20055700F /* memorystream.h */ = {isa = PBXFileReference; fileEncoding = 4; lastKnownFileType = sourcecode.c.h; path = memorystream.h; sourceTree = "<group>"; };
		412565DB1D3A1FD20055700F /* inttypes.h */ = {isa = PBXFileReference; fileEncoding = 4; lastKnownFileType = sourcecode.c.h; path = inttypes.h; sourceTree = "<group>"; };
		412565DC1D3A1FD20055700F /* stdint.h */ = {isa = PBXFileReference; fileEncoding = 4; lastKnownFileType = sourcecode.c.h; path = stdint.h; sourceTree = "<group>"; };
		412565DD1D3A1FD20055700F /* pointer.h */ = {isa = PBXFileReference; fileEncoding = 4; lastKnownFileType = sourcecode.c.h; path = pointer.h; sourceTree = "<group>"; };
		412565DE1D3A1FD20055700F /* prettywriter.h */ = {isa = PBXFileReference; fileEncoding = 4; lastKnownFileType = sourcecode.c.h; path = prettywriter.h; sourceTree = "<group>"; };
		412565DF1D3A1FD20055700F /* rapidjson.h */ = {isa = PBXFileReference; fileEncoding = 4; lastKnownFileType = sourcecode.c.h; path = rapidjson.h; sourceTree = "<group>"; };
		412565E01D3A1FD20055700F /* reader.h */ = {isa = PBXFileReference; fileEncoding = 4; lastKnownFileType = sourcecode.c.h; path = reader.h; sourceTree = "<group>"; };
		412565E11D3A1FD20055700F /* stringbuffer.h */ = {isa = PBXFileReference; fileEncoding = 4; lastKnownFileType = sourcecode.c.h; path = stringbuffer.h; sourceTree = "<group>"; };
		412565E21D3A1FD20055700F /* writer.h */ = {isa = PBXFileReference; fileEncoding = 4; lastKnownFileType = sourcecode.c.h; path = writer.h; sourceTree = "<group>"; };
		412568C51D3A23F20055700F /* libcrypto.a */ = {isa = PBXFileReference; lastKnownFileType = archive.ar; name = libcrypto.a; path = ../../../../usr/local/Cellar/openssl/1.0.2h_1/lib/libcrypto.a; sourceTree = "<group>"; };
		412568C61D3A23F30055700F /* libssl.a */ = {isa = PBXFileReference; lastKnownFileType = archive.ar; name = libssl.a; path = ../../../../usr/local/Cellar/openssl/1.0.2h_1/lib/libssl.a; sourceTree = "<group>"; };
		412568C91D3A2ADE0055700F /* libexpat.a */ = {isa = PBXFileReference; lastKnownFileType = archive.ar; name = libexpat.a; path = ../../../../usr/local/Cellar/expat/2.2.0/lib/libexpat.a; sourceTree = "<group>"; };
		412568CB1D3A2BA10055700F /* miner.cpp */ = {isa = PBXFileReference; fileEncoding = 4; lastKnownFileType = sourcecode.cpp.cpp; path = miner.cpp; sourceTree = "<group>"; };
		412568CC1D3A2BA10055700F /* miner.h */ = {isa = PBXFileReference; fileEncoding = 4; lastKnownFileType = sourcecode.c.h; path = miner.h; sourceTree = "<group>"; };
		412568CE1D3A33610055700F /* slow-hash.c */ = {isa = PBXFileReference; fileEncoding = 4; lastKnownFileType = sourcecode.c.c; path = "slow-hash.c"; sourceTree = "<group>"; };
		412568D11D3A33BD0055700F /* crypto-ops-data.c */ = {isa = PBXFileReference; fileEncoding = 4; lastKnownFileType = sourcecode.c.c; path = "crypto-ops-data.c"; sourceTree = "<group>"; };
		412568D31D3A34100055700F /* oaes_lib.c */ = {isa = PBXFileReference; fileEncoding = 4; lastKnownFileType = sourcecode.c.c; path = oaes_lib.c; sourceTree = "<group>"; };
		412568D41D3A34100055700F /* oaes_lib.h */ = {isa = PBXFileReference; fileEncoding = 4; lastKnownFileType = sourcecode.c.h; path = oaes_lib.h; sourceTree = "<group>"; };
		412568D61D3A55920055700F /* aesb.c */ = {isa = PBXFileReference; fileEncoding = 4; lastKnownFileType = sourcecode.c.c; path = aesb.c; sourceTree = "<group>"; };
		412568D71D3A55920055700F /* hash-extra-blake.c */ = {isa = PBXFileReference; fileEncoding = 4; lastKnownFileType = sourcecode.c.c; path = "hash-extra-blake.c"; sourceTree = "<group>"; };
		412568D81D3A55920055700F /* hash-extra-jh.c */ = {isa = PBXFileReference; fileEncoding = 4; lastKnownFileType = sourcecode.c.c; path = "hash-extra-jh.c"; sourceTree = "<group>"; };
		412568D91D3A55920055700F /* hash-extra-groestl.c */ = {isa = PBXFileReference; fileEncoding = 4; lastKnownFileType = sourcecode.c.c; path = "hash-extra-groestl.c"; sourceTree = "<group>"; };
		412568DA1D3A55920055700F /* oaes_config.h */ = {isa = PBXFileReference; fileEncoding = 4; lastKnownFileType = sourcecode.c.h; path = oaes_config.h; sourceTree = "<group>"; };
		412568DF1D3A55D20055700F /* groestl.c */ = {isa = PBXFileReference; fileEncoding = 4; lastKnownFileType = sourcecode.c.c; path = groestl.c; sourceTree = "<group>"; };
		412568E01D3A55D20055700F /* groestl.h */ = {isa = PBXFileReference; fileEncoding = 4; lastKnownFileType = sourcecode.c.h; path = groestl.h; sourceTree = "<group>"; };
		412568E21D3A55F40055700F /* blake256.c */ = {isa = PBXFileReference; fileEncoding = 4; lastKnownFileType = sourcecode.c.c; path = blake256.c; sourceTree = "<group>"; };
		412568E31D3A55F40055700F /* blake256.h */ = {isa = PBXFileReference; fileEncoding = 4; lastKnownFileType = sourcecode.c.h; path = blake256.h; sourceTree = "<group>"; };
		412568E51D3A56110055700F /* jh.c */ = {isa = PBXFileReference; fileEncoding = 4; lastKnownFileType = sourcecode.c.c; path = jh.c; sourceTree = "<group>"; };
		412568E61D3A56110055700F /* jh.h */ = {isa = PBXFileReference; fileEncoding = 4; lastKnownFileType = sourcecode.c.h; path = jh.h; sourceTree = "<group>"; };
		412568E81D3A56380055700F /* groestl_tables.h */ = {isa = PBXFileReference; lastKnownFileType = sourcecode.c.h; path = groestl_tables.h; sourceTree = "<group>"; };
		412568E91D3A56A90055700F /* tree-hash.c */ = {isa = PBXFileReference; fileEncoding = 4; lastKnownFileType = sourcecode.c.c; path = "tree-hash.c"; sourceTree = "<group>"; };
		412568EA1D3A56A90055700F /* skein.c */ = {isa = PBXFileReference; fileEncoding = 4; lastKnownFileType = sourcecode.c.c; path = skein.c; sourceTree = "<group>"; };
		412568EB1D3A56A90055700F /* skein.h */ = {isa = PBXFileReference; fileEncoding = 4; lastKnownFileType = sourcecode.c.h; path = skein.h; sourceTree = "<group>"; };
		412568EC1D3A56A90055700F /* hash-extra-skein.c */ = {isa = PBXFileReference; fileEncoding = 4; lastKnownFileType = sourcecode.c.c; path = "hash-extra-skein.c"; sourceTree = "<group>"; };
		412568F01D3A56C70055700F /* skein_port.h */ = {isa = PBXFileReference; lastKnownFileType = sourcecode.c.h; path = skein_port.h; sourceTree = "<group>"; };
		412E204D1DCE185B00F1BB42 /* TransactionHistory.hh */ = {isa = PBXFileReference; fileEncoding = 4; lastKnownFileType = sourcecode.cpp.h; path = TransactionHistory.hh; sourceTree = "<group>"; };
		412E204E1DCE185B00F1BB42 /* TransactionHistory.mm */ = {isa = PBXFileReference; fileEncoding = 4; lastKnownFileType = sourcecode.cpp.objcpp; path = TransactionHistory.mm; sourceTree = "<group>"; };
		412E20531DCE2F3400F1BB42 /* PendingTransaction.hh */ = {isa = PBXFileReference; fileEncoding = 4; lastKnownFileType = sourcecode.cpp.h; path = PendingTransaction.hh; sourceTree = "<group>"; };
		412E20541DCE2F3400F1BB42 /* PendingTransactionm.mm */ = {isa = PBXFileReference; fileEncoding = 4; lastKnownFileType = sourcecode.cpp.objcpp; path = PendingTransactionm.mm; sourceTree = "<group>"; };
		412E20561DCE324000F1BB42 /* TransactionInfo.hh */ = {isa = PBXFileReference; fileEncoding = 4; lastKnownFileType = sourcecode.cpp.h; path = TransactionInfo.hh; sourceTree = "<group>"; };
		412E20571DCE324000F1BB42 /* TransactionInfo.mm */ = {isa = PBXFileReference; fileEncoding = 4; lastKnownFileType = sourcecode.cpp.objcpp; path = TransactionInfo.mm; sourceTree = "<group>"; };
		412E20591DCE339200F1BB42 /* WalletManager.hh */ = {isa = PBXFileReference; fileEncoding = 4; lastKnownFileType = sourcecode.cpp.h; path = WalletManager.hh; sourceTree = "<group>"; };
		412E205A1DCE339200F1BB42 /* WalletManager.mm */ = {isa = PBXFileReference; fileEncoding = 4; lastKnownFileType = sourcecode.cpp.objcpp; path = WalletManager.mm; sourceTree = "<group>"; };
		416B673B1D377474001CB934 /* BlockHeader.swift */ = {isa = PBXFileReference; fileEncoding = 4; lastKnownFileType = sourcecode.swift; path = BlockHeader.swift; sourceTree = "<group>"; };
		416B673D1D377A73001CB934 /* RPCService.swift */ = {isa = PBXFileReference; fileEncoding = 4; lastKnownFileType = sourcecode.swift; path = RPCService.swift; sourceTree = "<group>"; };
		416B673F1D377BE2001CB934 /* RPCInfo.swift */ = {isa = PBXFileReference; fileEncoding = 4; lastKnownFileType = sourcecode.swift; path = RPCInfo.swift; sourceTree = "<group>"; };
		418241811DCF40A700A666C2 /* MainViewController.swift */ = {isa = PBXFileReference; fileEncoding = 4; lastKnownFileType = sourcecode.swift; path = MainViewController.swift; sourceTree = "<group>"; };
		418241831DCF411000A666C2 /* WalletStore.swift */ = {isa = PBXFileReference; fileEncoding = 4; lastKnownFileType = sourcecode.swift; path = WalletStore.swift; sourceTree = "<group>"; };
		418241851DCF41E500A666C2 /* CreateWalletViewController.swift */ = {isa = PBXFileReference; fileEncoding = 4; lastKnownFileType = sourcecode.swift; path = CreateWalletViewController.swift; sourceTree = "<group>"; };
		418241871DCF43DB00A666C2 /* OpenWalletViewController.swift */ = {isa = PBXFileReference; fileEncoding = 4; lastKnownFileType = sourcecode.swift; path = OpenWalletViewController.swift; sourceTree = "<group>"; };
		418241891DCF444E00A666C2 /* WalletViewController.swift */ = {isa = PBXFileReference; fileEncoding = 4; lastKnownFileType = sourcecode.swift; path = WalletViewController.swift; sourceTree = "<group>"; };
		41B021641D430B9500B5B801 /* MoneroWallet-Bridging-Header.hh */ = {isa = PBXFileReference; lastKnownFileType = sourcecode.cpp.h; path = "MoneroWallet-Bridging-Header.hh"; sourceTree = "<group>"; };
		41B022031D4330A600B5B801 /* core_rpc_server_commands_defs.h */ = {isa = PBXFileReference; fileEncoding = 4; lastKnownFileType = sourcecode.c.h; path = core_rpc_server_commands_defs.h; sourceTree = "<group>"; };
		41B022041D4330A600B5B801 /* core_rpc_server_error_codes.h */ = {isa = PBXFileReference; fileEncoding = 4; lastKnownFileType = sourcecode.c.h; path = core_rpc_server_error_codes.h; sourceTree = "<group>"; };
		41B0220A1D43329600B5B801 /* Wallet.hh */ = {isa = PBXFileReference; fileEncoding = 4; lastKnownFileType = sourcecode.cpp.h; path = Wallet.hh; sourceTree = "<group>"; };
		41B0220B1D43329600B5B801 /* Wallet.mm */ = {isa = PBXFileReference; fileEncoding = 4; lastKnownFileType = sourcecode.cpp.objcpp; path = Wallet.mm; sourceTree = "<group>"; };
		41CE5CD01DC5656F007AAE50 /* wallet2_api.h */ = {isa = PBXFileReference; explicitFileType = sourcecode.cpp.h; fileEncoding = 4; path = wallet2_api.h; sourceTree = "<group>"; };
		41CE5CDE1DC56661007AAE50 /* common_defines.h */ = {isa = PBXFileReference; fileEncoding = 4; lastKnownFileType = sourcecode.c.h; path = common_defines.h; sourceTree = "<group>"; };
		41CE5CDF1DC56661007AAE50 /* pending_transaction.cpp */ = {isa = PBXFileReference; fileEncoding = 4; lastKnownFileType = sourcecode.cpp.cpp; path = pending_transaction.cpp; sourceTree = "<group>"; };
		41CE5CE01DC56661007AAE50 /* pending_transaction.h */ = {isa = PBXFileReference; fileEncoding = 4; lastKnownFileType = sourcecode.c.h; path = pending_transaction.h; sourceTree = "<group>"; };
		41CE5CE11DC56661007AAE50 /* transaction_history.cpp */ = {isa = PBXFileReference; fileEncoding = 4; lastKnownFileType = sourcecode.cpp.cpp; path = transaction_history.cpp; sourceTree = "<group>"; };
		41CE5CE21DC56661007AAE50 /* transaction_history.h */ = {isa = PBXFileReference; fileEncoding = 4; lastKnownFileType = sourcecode.c.h; path = transaction_history.h; sourceTree = "<group>"; };
		41CE5CE31DC56661007AAE50 /* transaction_info.cpp */ = {isa = PBXFileReference; fileEncoding = 4; lastKnownFileType = sourcecode.cpp.cpp; path = transaction_info.cpp; sourceTree = "<group>"; };
		41CE5CE41DC56661007AAE50 /* transaction_info.h */ = {isa = PBXFileReference; fileEncoding = 4; lastKnownFileType = sourcecode.c.h; path = transaction_info.h; sourceTree = "<group>"; };
		41CE5CE51DC56661007AAE50 /* utils.cpp */ = {isa = PBXFileReference; fileEncoding = 4; lastKnownFileType = sourcecode.cpp.cpp; path = utils.cpp; sourceTree = "<group>"; };
		41CE5CE61DC56661007AAE50 /* wallet.cpp */ = {isa = PBXFileReference; fileEncoding = 4; lastKnownFileType = sourcecode.cpp.cpp; path = wallet.cpp; sourceTree = "<group>"; };
		41CE5CE71DC56661007AAE50 /* wallet.h */ = {isa = PBXFileReference; fileEncoding = 4; lastKnownFileType = sourcecode.c.h; path = wallet.h; sourceTree = "<group>"; };
		41CE5CE81DC56661007AAE50 /* wallet_manager.cpp */ = {isa = PBXFileReference; fileEncoding = 4; lastKnownFileType = sourcecode.cpp.cpp; path = wallet_manager.cpp; sourceTree = "<group>"; };
		41CE5CE91DC56661007AAE50 /* wallet_manager.h */ = {isa = PBXFileReference; fileEncoding = 4; lastKnownFileType = sourcecode.c.h; path = wallet_manager.h; sourceTree = "<group>"; };
		41CE5CF01DC567E0007AAE50 /* base58.cpp */ = {isa = PBXFileReference; fileEncoding = 4; lastKnownFileType = sourcecode.cpp.cpp; path = base58.cpp; sourceTree = "<group>"; };
		41CE5CF11DC567E0007AAE50 /* base58.h */ = {isa = PBXFileReference; fileEncoding = 4; lastKnownFileType = sourcecode.c.h; path = base58.h; sourceTree = "<group>"; };
		41CE5CF21DC567E0007AAE50 /* boost_serialization_helper.h */ = {isa = PBXFileReference; fileEncoding = 4; lastKnownFileType = sourcecode.c.h; path = boost_serialization_helper.h; sourceTree = "<group>"; };
		41CE5CF31DC567E0007AAE50 /* CMakeLists.txt */ = {isa = PBXFileReference; fileEncoding = 4; lastKnownFileType = text; path = CMakeLists.txt; sourceTree = "<group>"; };
		41CE5CF41DC567E0007AAE50 /* command_line.cpp */ = {isa = PBXFileReference; fileEncoding = 4; lastKnownFileType = sourcecode.cpp.cpp; path = command_line.cpp; sourceTree = "<group>"; };
		41CE5CF51DC567E0007AAE50 /* command_line.h */ = {isa = PBXFileReference; fileEncoding = 4; lastKnownFileType = sourcecode.c.h; path = command_line.h; sourceTree = "<group>"; };
		41CE5CF61DC567E0007AAE50 /* http_connection.h */ = {isa = PBXFileReference; fileEncoding = 4; lastKnownFileType = sourcecode.c.h; path = http_connection.h; sourceTree = "<group>"; };
		41CE5CF71DC567E0007AAE50 /* i18n.cpp */ = {isa = PBXFileReference; fileEncoding = 4; lastKnownFileType = sourcecode.cpp.cpp; path = i18n.cpp; sourceTree = "<group>"; };
		41CE5CF81DC567E0007AAE50 /* i18n.h */ = {isa = PBXFileReference; fileEncoding = 4; lastKnownFileType = sourcecode.c.h; path = i18n.h; sourceTree = "<group>"; };
		41CE5CF91DC567E0007AAE50 /* int-util.h */ = {isa = PBXFileReference; fileEncoding = 4; lastKnownFileType = sourcecode.c.h; path = "int-util.h"; sourceTree = "<group>"; };
		41CE5CFA1DC567E0007AAE50 /* json_util.h */ = {isa = PBXFileReference; fileEncoding = 4; lastKnownFileType = sourcecode.c.h; path = json_util.h; sourceTree = "<group>"; };
		41CE5CFB1DC567E0007AAE50 /* perf_timer.cpp */ = {isa = PBXFileReference; fileEncoding = 4; lastKnownFileType = sourcecode.cpp.cpp; path = perf_timer.cpp; sourceTree = "<group>"; };
		41CE5CFC1DC567E0007AAE50 /* perf_timer.h */ = {isa = PBXFileReference; fileEncoding = 4; lastKnownFileType = sourcecode.c.h; path = perf_timer.h; sourceTree = "<group>"; };
		41CE5CFD1DC567E0007AAE50 /* pod-class.h */ = {isa = PBXFileReference; fileEncoding = 4; lastKnownFileType = sourcecode.c.h; path = "pod-class.h"; sourceTree = "<group>"; };
		41CE5CFE1DC567E0007AAE50 /* rpc_client.h */ = {isa = PBXFileReference; fileEncoding = 4; lastKnownFileType = sourcecode.c.h; path = rpc_client.h; sourceTree = "<group>"; };
		41CE5CFF1DC567E0007AAE50 /* scoped_message_writer.h */ = {isa = PBXFileReference; fileEncoding = 4; lastKnownFileType = sourcecode.c.h; path = scoped_message_writer.h; sourceTree = "<group>"; };
		41CE5D001DC567E0007AAE50 /* unordered_containers_boost_serialization.h */ = {isa = PBXFileReference; fileEncoding = 4; lastKnownFileType = sourcecode.c.h; path = unordered_containers_boost_serialization.h; sourceTree = "<group>"; };
		41CE5D011DC567E0007AAE50 /* util.cpp */ = {isa = PBXFileReference; fileEncoding = 4; lastKnownFileType = sourcecode.cpp.cpp; path = util.cpp; sourceTree = "<group>"; };
		41CE5D021DC567E0007AAE50 /* util.h */ = {isa = PBXFileReference; fileEncoding = 4; lastKnownFileType = sourcecode.c.h; path = util.h; sourceTree = "<group>"; };
		41CE5D031DC567E0007AAE50 /* varint.h */ = {isa = PBXFileReference; fileEncoding = 4; lastKnownFileType = sourcecode.c.h; path = varint.h; sourceTree = "<group>"; };
		41D6C3901D376DEC00178107 /* MoneroWallet.app */ = {isa = PBXFileReference; explicitFileType = wrapper.application; includeInIndex = 0; path = MoneroWallet.app; sourceTree = BUILT_PRODUCTS_DIR; };
		41D6C3931D376DEC00178107 /* AppDelegate.swift */ = {isa = PBXFileReference; lastKnownFileType = sourcecode.swift; path = AppDelegate.swift; sourceTree = "<group>"; };
		41D6C3951D376DEC00178107 /* FirstViewController.swift */ = {isa = PBXFileReference; lastKnownFileType = sourcecode.swift; path = FirstViewController.swift; sourceTree = "<group>"; };
		41D6C3971D376DEC00178107 /* SecondViewController.swift */ = {isa = PBXFileReference; lastKnownFileType = sourcecode.swift; path = SecondViewController.swift; sourceTree = "<group>"; };
		41D6C39A1D376DEC00178107 /* Base */ = {isa = PBXFileReference; lastKnownFileType = file.storyboard; name = Base; path = Base.lproj/Main.storyboard; sourceTree = "<group>"; };
		41D6C39C1D376DEC00178107 /* Assets.xcassets */ = {isa = PBXFileReference; lastKnownFileType = folder.assetcatalog; path = Assets.xcassets; sourceTree = "<group>"; };
		41D6C39F1D376DEC00178107 /* Base */ = {isa = PBXFileReference; lastKnownFileType = file.storyboard; name = Base; path = Base.lproj/LaunchScreen.storyboard; sourceTree = "<group>"; };
		41D6C3A11D376DEC00178107 /* Info.plist */ = {isa = PBXFileReference; lastKnownFileType = text.plist.xml; path = Info.plist; sourceTree = "<group>"; };
		41D6C3A61D376DEC00178107 /* MoneroWalletTests.xctest */ = {isa = PBXFileReference; explicitFileType = wrapper.cfbundle; includeInIndex = 0; path = MoneroWalletTests.xctest; sourceTree = BUILT_PRODUCTS_DIR; };
		41D6C3AA1D376DEC00178107 /* MoneroWalletTests.swift */ = {isa = PBXFileReference; lastKnownFileType = sourcecode.swift; path = MoneroWalletTests.swift; sourceTree = "<group>"; };
		41D6C3AC1D376DEC00178107 /* Info.plist */ = {isa = PBXFileReference; lastKnownFileType = text.plist.xml; path = Info.plist; sourceTree = "<group>"; };
		41D6C3B11D376DEC00178107 /* MoneroWalletUITests.xctest */ = {isa = PBXFileReference; explicitFileType = wrapper.cfbundle; includeInIndex = 0; path = MoneroWalletUITests.xctest; sourceTree = BUILT_PRODUCTS_DIR; };
		41D6C3B51D376DEC00178107 /* MoneroWalletUITests.swift */ = {isa = PBXFileReference; lastKnownFileType = sourcecode.swift; path = MoneroWalletUITests.swift; sourceTree = "<group>"; };
		41D6C3B71D376DEC00178107 /* Info.plist */ = {isa = PBXFileReference; lastKnownFileType = text.plist.xml; path = Info.plist; sourceTree = "<group>"; };
		41DD41D11D3A19FD00296BB4 /* libboost.a */ = {isa = PBXFileReference; lastKnownFileType = archive.ar; name = libboost.a; path = Boost/libs/boost/ios/libboost.a; sourceTree = "<group>"; };
/* End PBXFileReference section */

/* Begin PBXFrameworksBuildPhase section */
		41D6C38D1D376DEC00178107 /* Frameworks */ = {
			isa = PBXFrameworksBuildPhase;
			buildActionMask = 2147483647;
			files = (
				41DD41D21D3A19FD00296BB4 /* libboost.a in Frameworks */,
			);
			runOnlyForDeploymentPostprocessing = 0;
		};
		41D6C3A31D376DEC00178107 /* Frameworks */ = {
			isa = PBXFrameworksBuildPhase;
			buildActionMask = 2147483647;
			files = (
			);
			runOnlyForDeploymentPostprocessing = 0;
		};
		41D6C3AE1D376DEC00178107 /* Frameworks */ = {
			isa = PBXFrameworksBuildPhase;
			buildActionMask = 2147483647;
			files = (
			);
			runOnlyForDeploymentPostprocessing = 0;
		};
/* End PBXFrameworksBuildPhase section */

/* Begin PBXGroup section */
		410EC63F1D7C71AE008720C5 /* wallet */ = {
			isa = PBXGroup;
			children = (
				41CE5CDD1DC56660007AAE50 /* api */,
				41CE5CD01DC5656F007AAE50 /* wallet2_api.h */,
				410EC6401D7C71AE008720C5 /* wallet2.cpp */,
				410EC6411D7C71AE008720C5 /* wallet2.h */,
				410EC6421D7C71AE008720C5 /* wallet_errors.h */,
			);
			name = wallet;
			path = src/wallet;
			sourceTree = "<group>";
		};
		410EC6441D7C759E008720C5 /* ringct */ = {
			isa = PBXGroup;
			children = (
				410EC6451D7C759E008720C5 /* CMakeLists.txt */,
				410EC6461D7C759E008720C5 /* rctCryptoOps.c */,
				410EC6471D7C759E008720C5 /* rctCryptoOps.h */,
				410EC6481D7C759E008720C5 /* rctOps.cpp */,
				410EC6491D7C759E008720C5 /* rctOps.h */,
				410EC64A1D7C759E008720C5 /* rctSigs.cpp */,
				410EC64B1D7C759E008720C5 /* rctSigs.h */,
				410EC64C1D7C759E008720C5 /* rctTypes.cpp */,
				410EC64D1D7C759E008720C5 /* rctTypes.h */,
			);
			name = ringct;
			path = src/ringct;
			sourceTree = "<group>";
		};
		4119F6021D39C00600743CF5 /* bitmonero */ = {
			isa = PBXGroup;
			children = (
				410EC6441D7C759E008720C5 /* ringct */,
				410EC63F1D7C71AE008720C5 /* wallet */,
				41B021FF1D4330A600B5B801 /* rpc */,
				412565C01D3A1FD20055700F /* external */,
				412565BB1D3A1F3D0055700F /* cryptonote_config.h */,
				412565BC1D3A1F4C0055700F /* version.cmake */,
				412565BD1D3A1F4C0055700F /* version.h.in */,
				412565541D3A1F2B0055700F /* common */,
				4125656B1D3A1F2B0055700F /* crypto */,
				4125657A1D3A1F2B0055700F /* cryptonote_core */,
				412565871D3A1F2B0055700F /* cryptonote_protocol */,
				4125658A1D3A1F2B0055700F /* mnemonics */,
				4125659D1D3A1F2B0055700F /* serialization */,
			);
			name = bitmonero;
			path = ../bitmonero;
			sourceTree = "<group>";
		};
		412565541D3A1F2B0055700F /* common */ = {
			isa = PBXGroup;
			children = (
				41CE5CF01DC567E0007AAE50 /* base58.cpp */,
				41CE5CF11DC567E0007AAE50 /* base58.h */,
				41CE5CF21DC567E0007AAE50 /* boost_serialization_helper.h */,
				41CE5CF31DC567E0007AAE50 /* CMakeLists.txt */,
				41CE5CF41DC567E0007AAE50 /* command_line.cpp */,
				41CE5CF51DC567E0007AAE50 /* command_line.h */,
				41CE5CF61DC567E0007AAE50 /* http_connection.h */,
				41CE5CF71DC567E0007AAE50 /* i18n.cpp */,
				41CE5CF81DC567E0007AAE50 /* i18n.h */,
				41CE5CF91DC567E0007AAE50 /* int-util.h */,
				41CE5CFA1DC567E0007AAE50 /* json_util.h */,
				41CE5CFB1DC567E0007AAE50 /* perf_timer.cpp */,
				41CE5CFC1DC567E0007AAE50 /* perf_timer.h */,
				41CE5CFD1DC567E0007AAE50 /* pod-class.h */,
				41CE5CFE1DC567E0007AAE50 /* rpc_client.h */,
				41CE5CFF1DC567E0007AAE50 /* scoped_message_writer.h */,
				41CE5D001DC567E0007AAE50 /* unordered_containers_boost_serialization.h */,
				41CE5D011DC567E0007AAE50 /* util.cpp */,
				41CE5D021DC567E0007AAE50 /* util.h */,
				41CE5D031DC567E0007AAE50 /* varint.h */,
				412565551D3A1F2B0055700F /* base58.cpp */,
				412565561D3A1F2B0055700F /* base58.h */,
				412565571D3A1F2B0055700F /* boost_serialization_helper.h */,
				412565581D3A1F2B0055700F /* CMakeLists.txt */,
				412565591D3A1F2B0055700F /* command_line.cpp */,
				4125655A1D3A1F2B0055700F /* command_line.h */,
				4125655D1D3A1F2B0055700F /* http_connection.h */,
				4125655E1D3A1F2B0055700F /* i18n.cpp */,
				4125655F1D3A1F2B0055700F /* i18n.h */,
				412565601D3A1F2B0055700F /* int-util.h */,
				412565611D3A1F2B0055700F /* json_util.h */,
				412565621D3A1F2B0055700F /* pod-class.h */,
				412565631D3A1F2B0055700F /* rpc_client.h */,
				412565641D3A1F2B0055700F /* scoped_message_writer.h */,
				412565671D3A1F2B0055700F /* unordered_containers_boost_serialization.h */,
				412565681D3A1F2B0055700F /* util.cpp */,
				412565691D3A1F2B0055700F /* util.h */,
				4125656A1D3A1F2B0055700F /* varint.h */,
			);
			name = common;
			path = src/common;
			sourceTree = "<group>";
		};
		4125656B1D3A1F2B0055700F /* crypto */ = {
			isa = PBXGroup;
			children = (
				412568F01D3A56C70055700F /* skein_port.h */,
				412568E91D3A56A90055700F /* tree-hash.c */,
				412568EA1D3A56A90055700F /* skein.c */,
				412568EB1D3A56A90055700F /* skein.h */,
				412568EC1D3A56A90055700F /* hash-extra-skein.c */,
				412568E81D3A56380055700F /* groestl_tables.h */,
				412568E21D3A55F40055700F /* blake256.c */,
				412568E31D3A55F40055700F /* blake256.h */,
				412568D31D3A34100055700F /* oaes_lib.c */,
				412568D41D3A34100055700F /* oaes_lib.h */,
				412568D61D3A55920055700F /* aesb.c */,
				412568D71D3A55920055700F /* hash-extra-blake.c */,
				412568D81D3A55920055700F /* hash-extra-jh.c */,
				412568D91D3A55920055700F /* hash-extra-groestl.c */,
				412568DA1D3A55920055700F /* oaes_config.h */,
				412568DF1D3A55D20055700F /* groestl.c */,
				412568E01D3A55D20055700F /* groestl.h */,
				412568E51D3A56110055700F /* jh.c */,
				412568E61D3A56110055700F /* jh.h */,
				412568D01D3A33BD0055700F /* crypto_ops_builder */,
				412568CE1D3A33610055700F /* slow-hash.c */,
				4125656C1D3A1F2B0055700F /* chacha8.c */,
				4125656D1D3A1F2B0055700F /* chacha8.h */,
				4125656E1D3A1F2B0055700F /* crypto-ops.c */,
				4125656F1D3A1F2B0055700F /* crypto-ops.h */,
				412565701D3A1F2B0055700F /* crypto.cpp */,
				412565711D3A1F2B0055700F /* crypto.h */,
				412565721D3A1F2B0055700F /* generic-ops.h */,
				412565731D3A1F2B0055700F /* hash-ops.h */,
				412565741D3A1F2B0055700F /* hash.c */,
				412565751D3A1F2B0055700F /* hash.h */,
				412565761D3A1F2B0055700F /* keccak.c */,
				412565771D3A1F2B0055700F /* keccak.h */,
				412565781D3A1F2B0055700F /* random.c */,
				412565791D3A1F2B0055700F /* random.h */,
			);
			name = crypto;
			path = src/crypto;
			sourceTree = "<group>";
		};
		4125657A1D3A1F2B0055700F /* cryptonote_core */ = {
			isa = PBXGroup;
			children = (
				412568CB1D3A2BA10055700F /* miner.cpp */,
				412568CC1D3A2BA10055700F /* miner.h */,
				4125657B1D3A1F2B0055700F /* account.cpp */,
				4125657C1D3A1F2B0055700F /* account.h */,
				4125657D1D3A1F2B0055700F /* account_boost_serialization.h */,
				4125657E1D3A1F2B0055700F /* cryptonote_basic.h */,
				4125657F1D3A1F2B0055700F /* cryptonote_basic_impl.cpp */,
				412565801D3A1F2B0055700F /* cryptonote_basic_impl.h */,
				412565811D3A1F2B0055700F /* cryptonote_boost_serialization.h */,
				412565821D3A1F2B0055700F /* cryptonote_format_utils.cpp */,
				412565831D3A1F2B0055700F /* cryptonote_format_utils.h */,
				412565841D3A1F2B0055700F /* difficulty.cpp */,
				412565851D3A1F2B0055700F /* difficulty.h */,
				412565861D3A1F2B0055700F /* tx_extra.h */,
			);
			name = cryptonote_core;
			path = src/cryptonote_core;
			sourceTree = "<group>";
		};
		412565871D3A1F2B0055700F /* cryptonote_protocol */ = {
			isa = PBXGroup;
			children = (
				412565881D3A1F2B0055700F /* blobdatatype.h */,
				412565891D3A1F2B0055700F /* cryptonote_protocol_defs.h */,
			);
			name = cryptonote_protocol;
			path = src/cryptonote_protocol;
			sourceTree = "<group>";
		};
		4125658A1D3A1F2B0055700F /* mnemonics */ = {
			isa = PBXGroup;
			children = (
				4125658B1D3A1F2B0055700F /* CMakeLists.txt */,
				4125658C1D3A1F2B0055700F /* electrum-words.cpp */,
				4125658D1D3A1F2B0055700F /* electrum-words.h */,
				4125658E1D3A1F2B0055700F /* english.h */,
				4125658F1D3A1F2B0055700F /* german.h */,
				412565901D3A1F2B0055700F /* italian.h */,
				412565911D3A1F2B0055700F /* japanese.h */,
				412565921D3A1F2B0055700F /* language_base.h */,
				412565931D3A1F2B0055700F /* old_english.h */,
				412565941D3A1F2B0055700F /* portuguese.h */,
				412565951D3A1F2B0055700F /* russian.h */,
				412565961D3A1F2B0055700F /* singleton.h */,
				412565971D3A1F2B0055700F /* spanish.h */,
			);
			name = mnemonics;
			path = src/mnemonics;
			sourceTree = "<group>";
		};
		4125659D1D3A1F2B0055700F /* serialization */ = {
			isa = PBXGroup;
			children = (
				4125659E1D3A1F2B0055700F /* binary_archive.h */,
				4125659F1D3A1F2B0055700F /* binary_utils.h */,
				412565A01D3A1F2B0055700F /* crypto.h */,
				412565A11D3A1F2B0055700F /* debug_archive.h */,
				412565A21D3A1F2B0055700F /* json_archive.h */,
				412565A31D3A1F2B0055700F /* json_utils.h */,
				412565A41D3A1F2B0055700F /* serialization.h */,
				412565A51D3A1F2B0055700F /* string.h */,
				412565A61D3A1F2B0055700F /* variant.h */,
				412565A71D3A1F2B0055700F /* vector.h */,
			);
			name = serialization;
			path = src/serialization;
			sourceTree = "<group>";
		};
		412565C01D3A1FD20055700F /* external */ = {
			isa = PBXGroup;
			children = (
				412565C11D3A1FD20055700F /* CMakeLists.txt */,
				412565C21D3A1FD20055700F /* rapidjson */,
			);
			path = external;
			sourceTree = "<group>";
		};
		412565C21D3A1FD20055700F /* rapidjson */ = {
			isa = PBXGroup;
			children = (
				412565C31D3A1FD20055700F /* allocators.h */,
				412565C41D3A1FD20055700F /* document.h */,
				412565C51D3A1FD20055700F /* encodedstream.h */,
				412565C61D3A1FD20055700F /* encodings.h */,
				412565C71D3A1FD20055700F /* error */,
				412565CA1D3A1FD20055700F /* filereadstream.h */,
				412565CB1D3A1FD20055700F /* filewritestream.h */,
				412565CC1D3A1FD20055700F /* internal */,
				412565D81D3A1FD20055700F /* memorybuffer.h */,
				412565D91D3A1FD20055700F /* memorystream.h */,
				412565DA1D3A1FD20055700F /* msinttypes */,
				412565DD1D3A1FD20055700F /* pointer.h */,
				412565DE1D3A1FD20055700F /* prettywriter.h */,
				412565DF1D3A1FD20055700F /* rapidjson.h */,
				412565E01D3A1FD20055700F /* reader.h */,
				412565E11D3A1FD20055700F /* stringbuffer.h */,
				412565E21D3A1FD20055700F /* writer.h */,
			);
			path = rapidjson;
			sourceTree = "<group>";
		};
		412565C71D3A1FD20055700F /* error */ = {
			isa = PBXGroup;
			children = (
				412565C81D3A1FD20055700F /* en.h */,
				412565C91D3A1FD20055700F /* error.h */,
			);
			path = error;
			sourceTree = "<group>";
		};
		412565CC1D3A1FD20055700F /* internal */ = {
			isa = PBXGroup;
			children = (
				412565CD1D3A1FD20055700F /* biginteger.h */,
				412565CE1D3A1FD20055700F /* diyfp.h */,
				412565CF1D3A1FD20055700F /* dtoa.h */,
				412565D01D3A1FD20055700F /* ieee754.h */,
				412565D11D3A1FD20055700F /* itoa.h */,
				412565D21D3A1FD20055700F /* meta.h */,
				412565D31D3A1FD20055700F /* pow10.h */,
				412565D41D3A1FD20055700F /* stack.h */,
				412565D51D3A1FD20055700F /* strfunc.h */,
				412565D61D3A1FD20055700F /* strtod.h */,
				412565D71D3A1FD20055700F /* swap.h */,
			);
			path = internal;
			sourceTree = "<group>";
		};
		412565DA1D3A1FD20055700F /* msinttypes */ = {
			isa = PBXGroup;
			children = (
				412565DB1D3A1FD20055700F /* inttypes.h */,
				412565DC1D3A1FD20055700F /* stdint.h */,
			);
			path = msinttypes;
			sourceTree = "<group>";
		};
		412568D01D3A33BD0055700F /* crypto_ops_builder */ = {
			isa = PBXGroup;
			children = (
				412568D11D3A33BD0055700F /* crypto-ops-data.c */,
			);
			path = crypto_ops_builder;
			sourceTree = "<group>";
		};
		416B673A1D37742C001CB934 /* RPC */ = {
			isa = PBXGroup;
			children = (
				416B673B1D377474001CB934 /* BlockHeader.swift */,
				416B673D1D377A73001CB934 /* RPCService.swift */,
				416B673F1D377BE2001CB934 /* RPCInfo.swift */,
			);
			path = RPC;
			sourceTree = "<group>";
		};
		41B021601D43094D00B5B801 /* Wallet */ = {
			isa = PBXGroup;
			children = (
				412E20531DCE2F3400F1BB42 /* PendingTransaction.hh */,
				412E20541DCE2F3400F1BB42 /* PendingTransactionm.mm */,
				412E204D1DCE185B00F1BB42 /* TransactionHistory.hh */,
				412E204E1DCE185B00F1BB42 /* TransactionHistory.mm */,
				412E20561DCE324000F1BB42 /* TransactionInfo.hh */,
				412E20571DCE324000F1BB42 /* TransactionInfo.mm */,
				41B0220A1D43329600B5B801 /* Wallet.hh */,
				41B0220B1D43329600B5B801 /* Wallet.mm */,
				412E20591DCE339200F1BB42 /* WalletManager.hh */,
				412E205A1DCE339200F1BB42 /* WalletManager.mm */,
			);
			name = Wallet;
			sourceTree = "<group>";
		};
		41B021FF1D4330A600B5B801 /* rpc */ = {
			isa = PBXGroup;
			children = (
				41B022031D4330A600B5B801 /* core_rpc_server_commands_defs.h */,
				41B022041D4330A600B5B801 /* core_rpc_server_error_codes.h */,
			);
			name = rpc;
			path = src/rpc;
			sourceTree = "<group>";
		};
		41CE5CDD1DC56660007AAE50 /* api */ = {
			isa = PBXGroup;
			children = (
				41CE5CDE1DC56661007AAE50 /* common_defines.h */,
				41CE5CDF1DC56661007AAE50 /* pending_transaction.cpp */,
				41CE5CE01DC56661007AAE50 /* pending_transaction.h */,
				41CE5CE11DC56661007AAE50 /* transaction_history.cpp */,
				41CE5CE21DC56661007AAE50 /* transaction_history.h */,
				41CE5CE31DC56661007AAE50 /* transaction_info.cpp */,
				41CE5CE41DC56661007AAE50 /* transaction_info.h */,
				41CE5CE51DC56661007AAE50 /* utils.cpp */,
				41CE5CE61DC56661007AAE50 /* wallet.cpp */,
				41CE5CE71DC56661007AAE50 /* wallet.h */,
				41CE5CE81DC56661007AAE50 /* wallet_manager.cpp */,
				41CE5CE91DC56661007AAE50 /* wallet_manager.h */,
			);
			path = api;
			sourceTree = "<group>";
		};
		41D6C3871D376DEC00178107 = {
			isa = PBXGroup;
			children = (
				41D6C3921D376DEC00178107 /* MoneroWallet */,
				41D6C3A91D376DEC00178107 /* MoneroWalletTests */,
				41D6C3B41D376DEC00178107 /* MoneroWalletUITests */,
				41D6C3911D376DEC00178107 /* Products */,
				6E8D46A2A0A5B6B053E9A609 /* Frameworks */,
			);
			sourceTree = "<group>";
		};
		41D6C3911D376DEC00178107 /* Products */ = {
			isa = PBXGroup;
			children = (
				41D6C3901D376DEC00178107 /* MoneroWallet.app */,
				41D6C3A61D376DEC00178107 /* MoneroWalletTests.xctest */,
				41D6C3B11D376DEC00178107 /* MoneroWalletUITests.xctest */,
			);
			name = Products;
			sourceTree = "<group>";
		};
		41D6C3921D376DEC00178107 /* MoneroWallet */ = {
			isa = PBXGroup;
			children = (
				41B021601D43094D00B5B801 /* Wallet */,
				4119F6021D39C00600743CF5 /* bitmonero */,
				416B673A1D37742C001CB934 /* RPC */,
				41D6C3931D376DEC00178107 /* AppDelegate.swift */,
				41D6C3951D376DEC00178107 /* FirstViewController.swift */,
				41D6C3971D376DEC00178107 /* SecondViewController.swift */,
				41D6C3991D376DEC00178107 /* Main.storyboard */,
				41D6C39C1D376DEC00178107 /* Assets.xcassets */,
				41D6C39E1D376DEC00178107 /* LaunchScreen.storyboard */,
				41D6C3A11D376DEC00178107 /* Info.plist */,
				41B021641D430B9500B5B801 /* MoneroWallet-Bridging-Header.hh */,
				418241811DCF40A700A666C2 /* MainViewController.swift */,
				418241851DCF41E500A666C2 /* CreateWalletViewController.swift */,
				418241871DCF43DB00A666C2 /* OpenWalletViewController.swift */,
				418241891DCF444E00A666C2 /* WalletViewController.swift */,
				418241831DCF411000A666C2 /* WalletStore.swift */,
			);
			path = MoneroWallet;
			sourceTree = "<group>";
		};
		41D6C3A91D376DEC00178107 /* MoneroWalletTests */ = {
			isa = PBXGroup;
			children = (
				41D6C3AA1D376DEC00178107 /* MoneroWalletTests.swift */,
				41D6C3AC1D376DEC00178107 /* Info.plist */,
			);
			path = MoneroWalletTests;
			sourceTree = "<group>";
		};
		41D6C3B41D376DEC00178107 /* MoneroWalletUITests */ = {
			isa = PBXGroup;
			children = (
				41D6C3B51D376DEC00178107 /* MoneroWalletUITests.swift */,
				41D6C3B71D376DEC00178107 /* Info.plist */,
			);
			path = MoneroWalletUITests;
			sourceTree = "<group>";
		};
		6E8D46A2A0A5B6B053E9A609 /* Frameworks */ = {
			isa = PBXGroup;
			children = (
				412568C91D3A2ADE0055700F /* libexpat.a */,
				412568C51D3A23F20055700F /* libcrypto.a */,
				412568C61D3A23F30055700F /* libssl.a */,
				41DD41D11D3A19FD00296BB4 /* libboost.a */,
				4119F6001D39B56100743CF5 /* Boost */,
			);
			name = Frameworks;
			sourceTree = "<group>";
		};
/* End PBXGroup section */

/* Begin PBXNativeTarget section */
		41D6C38F1D376DEC00178107 /* MoneroWallet */ = {
			isa = PBXNativeTarget;
			buildConfigurationList = 41D6C3BA1D376DEC00178107 /* Build configuration list for PBXNativeTarget "MoneroWallet" */;
			buildPhases = (
				41D6C38C1D376DEC00178107 /* Sources */,
				41D6C38D1D376DEC00178107 /* Frameworks */,
				41D6C38E1D376DEC00178107 /* Resources */,
				416B67411D377C62001CB934 /* SwiftLint */,
			);
			buildRules = (
			);
			dependencies = (
			);
			name = MoneroWallet;
			productName = MoneroWallet;
			productReference = 41D6C3901D376DEC00178107 /* MoneroWallet.app */;
			productType = "com.apple.product-type.application";
		};
		41D6C3A51D376DEC00178107 /* MoneroWalletTests */ = {
			isa = PBXNativeTarget;
			buildConfigurationList = 41D6C3BD1D376DEC00178107 /* Build configuration list for PBXNativeTarget "MoneroWalletTests" */;
			buildPhases = (
				41D6C3A21D376DEC00178107 /* Sources */,
				41D6C3A31D376DEC00178107 /* Frameworks */,
				41D6C3A41D376DEC00178107 /* Resources */,
			);
			buildRules = (
			);
			dependencies = (
				41D6C3A81D376DEC00178107 /* PBXTargetDependency */,
			);
			name = MoneroWalletTests;
			productName = MoneroWalletTests;
			productReference = 41D6C3A61D376DEC00178107 /* MoneroWalletTests.xctest */;
			productType = "com.apple.product-type.bundle.unit-test";
		};
		41D6C3B01D376DEC00178107 /* MoneroWalletUITests */ = {
			isa = PBXNativeTarget;
			buildConfigurationList = 41D6C3C01D376DEC00178107 /* Build configuration list for PBXNativeTarget "MoneroWalletUITests" */;
			buildPhases = (
				41D6C3AD1D376DEC00178107 /* Sources */,
				41D6C3AE1D376DEC00178107 /* Frameworks */,
				41D6C3AF1D376DEC00178107 /* Resources */,
			);
			buildRules = (
			);
			dependencies = (
				41D6C3B31D376DEC00178107 /* PBXTargetDependency */,
			);
			name = MoneroWalletUITests;
			productName = MoneroWalletUITests;
			productReference = 41D6C3B11D376DEC00178107 /* MoneroWalletUITests.xctest */;
			productType = "com.apple.product-type.bundle.ui-testing";
		};
/* End PBXNativeTarget section */

/* Begin PBXProject section */
		41D6C3881D376DEC00178107 /* Project object */ = {
			isa = PBXProject;
			attributes = {
				LastSwiftUpdateCheck = 0730;
				LastUpgradeCheck = 0810;
				ORGANIZATIONNAME = "Ugo Bataillard";
				TargetAttributes = {
					41D6C38F1D376DEC00178107 = {
						CreatedOnToolsVersion = 7.3.1;
						LastSwiftMigration = 0800;
					};
					41D6C3A51D376DEC00178107 = {
						CreatedOnToolsVersion = 7.3.1;
						LastSwiftMigration = 0800;
						TestTargetID = 41D6C38F1D376DEC00178107;
					};
					41D6C3B01D376DEC00178107 = {
						CreatedOnToolsVersion = 7.3.1;
						LastSwiftMigration = 0800;
						TestTargetID = 41D6C38F1D376DEC00178107;
					};
				};
			};
			buildConfigurationList = 41D6C38B1D376DEC00178107 /* Build configuration list for PBXProject "MoneroWallet" */;
			compatibilityVersion = "Xcode 3.2";
			developmentRegion = English;
			hasScannedForEncodings = 0;
			knownRegions = (
				en,
				Base,
			);
			mainGroup = 41D6C3871D376DEC00178107;
			productRefGroup = 41D6C3911D376DEC00178107 /* Products */;
			projectDirPath = "";
			projectRoot = "";
			targets = (
				41D6C38F1D376DEC00178107 /* MoneroWallet */,
				41D6C3A51D376DEC00178107 /* MoneroWalletTests */,
				41D6C3B01D376DEC00178107 /* MoneroWalletUITests */,
			);
		};
/* End PBXProject section */

/* Begin PBXResourcesBuildPhase section */
		41D6C38E1D376DEC00178107 /* Resources */ = {
			isa = PBXResourcesBuildPhase;
			buildActionMask = 2147483647;
			files = (
				41D6C3A01D376DEC00178107 /* LaunchScreen.storyboard in Resources */,
				4119F6011D39B56200743CF5 /* Boost in Resources */,
				412565BE1D3A1F4C0055700F /* version.cmake in Resources */,
				41D6C39D1D376DEC00178107 /* Assets.xcassets in Resources */,
				41CE5D051DC567E0007AAE50 /* CMakeLists.txt in Resources */,
				412565BF1D3A1F4C0055700F /* version.h.in in Resources */,
				41D6C39B1D376DEC00178107 /* Main.storyboard in Resources */,
			);
			runOnlyForDeploymentPostprocessing = 0;
		};
		41D6C3A41D376DEC00178107 /* Resources */ = {
			isa = PBXResourcesBuildPhase;
			buildActionMask = 2147483647;
			files = (
			);
			runOnlyForDeploymentPostprocessing = 0;
		};
		41D6C3AF1D376DEC00178107 /* Resources */ = {
			isa = PBXResourcesBuildPhase;
			buildActionMask = 2147483647;
			files = (
			);
			runOnlyForDeploymentPostprocessing = 0;
		};
/* End PBXResourcesBuildPhase section */

/* Begin PBXShellScriptBuildPhase section */
		416B67411D377C62001CB934 /* SwiftLint */ = {
			isa = PBXShellScriptBuildPhase;
			buildActionMask = 2147483647;
			files = (
			);
			inputPaths = (
			);
			name = SwiftLint;
			outputPaths = (
			);
			runOnlyForDeploymentPostprocessing = 0;
			shellPath = /bin/sh;
			shellScript = "if which swiftlint >/dev/null; then\nswiftlint\nelse\necho \"warning: SwiftLint not installed, download from https://github.com/realm/SwiftLint\"\nfi";
		};
/* End PBXShellScriptBuildPhase section */

/* Begin PBXSourcesBuildPhase section */
		41D6C38C1D376DEC00178107 /* Sources */ = {
			isa = PBXSourcesBuildPhase;
			buildActionMask = 2147483647;
			files = (
				418241841DCF411000A666C2 /* WalletStore.swift in Sources */,
				412565B21D3A1F2B0055700F /* hash.c in Sources */,
				412568D51D3A34100055700F /* oaes_lib.c in Sources */,
				412568DE1D3A55920055700F /* hash-extra-groestl.c in Sources */,
				418241861DCF41E500A666C2 /* CreateWalletViewController.swift in Sources */,
				4182418A1DCF444E00A666C2 /* WalletViewController.swift in Sources */,
				41CE5D041DC567E0007AAE50 /* base58.cpp in Sources */,
				410EC6511D7C759E008720C5 /* rctSigs.cpp in Sources */,
				41CE5D081DC567E0007AAE50 /* perf_timer.cpp in Sources */,
				41CE5CEF1DC56661007AAE50 /* wallet_manager.cpp in Sources */,
				412565AC1D3A1F2B0055700F /* i18n.cpp in Sources */,
				412568E41D3A55F40055700F /* blake256.c in Sources */,
				41CE5CED1DC56661007AAE50 /* utils.cpp in Sources */,
				416B673C1D377474001CB934 /* BlockHeader.swift in Sources */,
				41D6C3981D376DEC00178107 /* SecondViewController.swift in Sources */,
				410EC6521D7C759E008720C5 /* rctTypes.cpp in Sources */,
				412568DC1D3A55920055700F /* hash-extra-blake.c in Sources */,
				412568E71D3A56110055700F /* jh.c in Sources */,
				41CE5CEE1DC56661007AAE50 /* wallet.cpp in Sources */,
				412565B11D3A1F2B0055700F /* crypto.cpp in Sources */,
				416B673E1D377A73001CB934 /* RPCService.swift in Sources */,
				412568EF1D3A56A90055700F /* hash-extra-skein.c in Sources */,
				412568D21D3A33BD0055700F /* crypto-ops-data.c in Sources */,
				41D6C3941D376DEC00178107 /* AppDelegate.swift in Sources */,
				412565B61D3A1F2B0055700F /* cryptonote_basic_impl.cpp in Sources */,
				410EC6431D7C71AE008720C5 /* wallet2.cpp in Sources */,
				412565B41D3A1F2B0055700F /* random.c in Sources */,
				41CE5D061DC567E0007AAE50 /* command_line.cpp in Sources */,
				412565B01D3A1F2B0055700F /* crypto-ops.c in Sources */,
				41CE5CEA1DC56661007AAE50 /* pending_transaction.cpp in Sources */,
				412568CF1D3A33610055700F /* slow-hash.c in Sources */,
				412E20551DCE2F3400F1BB42 /* PendingTransactionm.mm in Sources */,
				412568DB1D3A55920055700F /* aesb.c in Sources */,
				41B0220C1D43329600B5B801 /* Wallet.mm in Sources */,
				412565AE1D3A1F2B0055700F /* util.cpp in Sources */,
				412565B71D3A1F2B0055700F /* cryptonote_format_utils.cpp in Sources */,
				418241881DCF43DB00A666C2 /* OpenWalletViewController.swift in Sources */,
				412565B81D3A1F2B0055700F /* difficulty.cpp in Sources */,
				410EC64F1D7C759E008720C5 /* rctCryptoOps.c in Sources */,
				41D6C3961D376DEC00178107 /* FirstViewController.swift in Sources */,
				410EC6501D7C759E008720C5 /* rctOps.cpp in Sources */,
				412E204F1DCE185B00F1BB42 /* TransactionHistory.mm in Sources */,
				412565BA1D3A1F2B0055700F /* electrum-words.cpp in Sources */,
				412568EE1D3A56A90055700F /* skein.c in Sources */,
				412565B31D3A1F2B0055700F /* keccak.c in Sources */,
				412E20581DCE324000F1BB42 /* TransactionInfo.mm in Sources */,
				41CE5CEB1DC56661007AAE50 /* transaction_history.cpp in Sources */,
				412568ED1D3A56A90055700F /* tree-hash.c in Sources */,
				412568E11D3A55D20055700F /* groestl.c in Sources */,
				412568DD1D3A55920055700F /* hash-extra-jh.c in Sources */,
				418241821DCF40A700A666C2 /* MainViewController.swift in Sources */,
				412E205B1DCE339200F1BB42 /* WalletManager.mm in Sources */,
				416B67401D377BE2001CB934 /* RPCInfo.swift in Sources */,
				412568CD1D3A2BA10055700F /* miner.cpp in Sources */,
				412565B51D3A1F2B0055700F /* account.cpp in Sources */,
				412565AF1D3A1F2B0055700F /* chacha8.c in Sources */,
				41CE5CEC1DC56661007AAE50 /* transaction_info.cpp in Sources */,
			);
			runOnlyForDeploymentPostprocessing = 0;
		};
		41D6C3A21D376DEC00178107 /* Sources */ = {
			isa = PBXSourcesBuildPhase;
			buildActionMask = 2147483647;
			files = (
				41D6C3AB1D376DEC00178107 /* MoneroWalletTests.swift in Sources */,
			);
			runOnlyForDeploymentPostprocessing = 0;
		};
		41D6C3AD1D376DEC00178107 /* Sources */ = {
			isa = PBXSourcesBuildPhase;
			buildActionMask = 2147483647;
			files = (
				41D6C3B61D376DEC00178107 /* MoneroWalletUITests.swift in Sources */,
			);
			runOnlyForDeploymentPostprocessing = 0;
		};
/* End PBXSourcesBuildPhase section */

/* Begin PBXTargetDependency section */
		41D6C3A81D376DEC00178107 /* PBXTargetDependency */ = {
			isa = PBXTargetDependency;
			target = 41D6C38F1D376DEC00178107 /* MoneroWallet */;
			targetProxy = 41D6C3A71D376DEC00178107 /* PBXContainerItemProxy */;
		};
		41D6C3B31D376DEC00178107 /* PBXTargetDependency */ = {
			isa = PBXTargetDependency;
			target = 41D6C38F1D376DEC00178107 /* MoneroWallet */;
			targetProxy = 41D6C3B21D376DEC00178107 /* PBXContainerItemProxy */;
		};
/* End PBXTargetDependency section */

/* Begin PBXVariantGroup section */
		41D6C3991D376DEC00178107 /* Main.storyboard */ = {
			isa = PBXVariantGroup;
			children = (
				41D6C39A1D376DEC00178107 /* Base */,
			);
			name = Main.storyboard;
			sourceTree = "<group>";
		};
		41D6C39E1D376DEC00178107 /* LaunchScreen.storyboard */ = {
			isa = PBXVariantGroup;
			children = (
				41D6C39F1D376DEC00178107 /* Base */,
			);
			name = LaunchScreen.storyboard;
			sourceTree = "<group>";
		};
/* End PBXVariantGroup section */

/* Begin XCBuildConfiguration section */
		41D6C3B81D376DEC00178107 /* Debug */ = {
			isa = XCBuildConfiguration;
			buildSettings = {
				ALWAYS_SEARCH_USER_PATHS = NO;
				CLANG_ANALYZER_NONNULL = YES;
				CLANG_CXX_LANGUAGE_STANDARD = "gnu++0x";
				CLANG_CXX_LIBRARY = "libc++";
				CLANG_ENABLE_MODULES = YES;
				CLANG_ENABLE_OBJC_ARC = YES;
				CLANG_WARN_BOOL_CONVERSION = YES;
				CLANG_WARN_CONSTANT_CONVERSION = YES;
				CLANG_WARN_DIRECT_OBJC_ISA_USAGE = YES_ERROR;
				CLANG_WARN_EMPTY_BODY = YES;
				CLANG_WARN_ENUM_CONVERSION = YES;
				CLANG_WARN_INFINITE_RECURSION = YES;
				CLANG_WARN_INT_CONVERSION = YES;
				CLANG_WARN_OBJC_ROOT_CLASS = YES_ERROR;
				CLANG_WARN_SUSPICIOUS_MOVE = YES;
				CLANG_WARN_UNREACHABLE_CODE = YES;
				CLANG_WARN__DUPLICATE_METHOD_MATCH = YES;
				"CODE_SIGN_IDENTITY[sdk=iphoneos*]" = "iPhone Developer";
				COPY_PHASE_STRIP = NO;
				DEBUG_INFORMATION_FORMAT = dwarf;
				ENABLE_STRICT_OBJC_MSGSEND = YES;
				ENABLE_TESTABILITY = YES;
				GCC_C_LANGUAGE_STANDARD = gnu99;
				GCC_DYNAMIC_NO_PIC = NO;
				GCC_NO_COMMON_BLOCKS = YES;
				GCC_OPTIMIZATION_LEVEL = 0;
				GCC_PREPROCESSOR_DEFINITIONS = (
					"DEBUG=1",
					"$(inherited)",
				);
				GCC_WARN_64_TO_32_BIT_CONVERSION = YES;
				GCC_WARN_ABOUT_RETURN_TYPE = YES_ERROR;
				GCC_WARN_UNDECLARED_SELECTOR = YES;
				GCC_WARN_UNINITIALIZED_AUTOS = YES_AGGRESSIVE;
				GCC_WARN_UNUSED_FUNCTION = YES;
				GCC_WARN_UNUSED_VARIABLE = YES;
				IPHONEOS_DEPLOYMENT_TARGET = 9.3;
				MTL_ENABLE_DEBUG_INFO = YES;
				ONLY_ACTIVE_ARCH = YES;
				SDKROOT = iphoneos;
				SWIFT_OPTIMIZATION_LEVEL = "-Onone";
				TARGETED_DEVICE_FAMILY = "1,2";
			};
			name = Debug;
		};
		41D6C3B91D376DEC00178107 /* Release */ = {
			isa = XCBuildConfiguration;
			buildSettings = {
				ALWAYS_SEARCH_USER_PATHS = NO;
				CLANG_ANALYZER_NONNULL = YES;
				CLANG_CXX_LANGUAGE_STANDARD = "gnu++0x";
				CLANG_CXX_LIBRARY = "libc++";
				CLANG_ENABLE_MODULES = YES;
				CLANG_ENABLE_OBJC_ARC = YES;
				CLANG_WARN_BOOL_CONVERSION = YES;
				CLANG_WARN_CONSTANT_CONVERSION = YES;
				CLANG_WARN_DIRECT_OBJC_ISA_USAGE = YES_ERROR;
				CLANG_WARN_EMPTY_BODY = YES;
				CLANG_WARN_ENUM_CONVERSION = YES;
				CLANG_WARN_INFINITE_RECURSION = YES;
				CLANG_WARN_INT_CONVERSION = YES;
				CLANG_WARN_OBJC_ROOT_CLASS = YES_ERROR;
				CLANG_WARN_SUSPICIOUS_MOVE = YES;
				CLANG_WARN_UNREACHABLE_CODE = YES;
				CLANG_WARN__DUPLICATE_METHOD_MATCH = YES;
				"CODE_SIGN_IDENTITY[sdk=iphoneos*]" = "iPhone Developer";
				COPY_PHASE_STRIP = NO;
				DEBUG_INFORMATION_FORMAT = "dwarf-with-dsym";
				ENABLE_NS_ASSERTIONS = NO;
				ENABLE_STRICT_OBJC_MSGSEND = YES;
				GCC_C_LANGUAGE_STANDARD = gnu99;
				GCC_NO_COMMON_BLOCKS = YES;
				GCC_WARN_64_TO_32_BIT_CONVERSION = YES;
				GCC_WARN_ABOUT_RETURN_TYPE = YES_ERROR;
				GCC_WARN_UNDECLARED_SELECTOR = YES;
				GCC_WARN_UNINITIALIZED_AUTOS = YES_AGGRESSIVE;
				GCC_WARN_UNUSED_FUNCTION = YES;
				GCC_WARN_UNUSED_VARIABLE = YES;
				IPHONEOS_DEPLOYMENT_TARGET = 9.3;
				MTL_ENABLE_DEBUG_INFO = NO;
				SDKROOT = iphoneos;
				SWIFT_OPTIMIZATION_LEVEL = "-Owholemodule";
				TARGETED_DEVICE_FAMILY = "1,2";
				VALIDATE_PRODUCT = YES;
			};
			name = Release;
		};
		41D6C3BB1D376DEC00178107 /* Debug */ = {
			isa = XCBuildConfiguration;
			buildSettings = {
				ASSETCATALOG_COMPILER_APPICON_NAME = AppIcon;
				CLANG_CXX_LANGUAGE_STANDARD = "c++0x";
				CLANG_CXX_LIBRARY = "libc++";
				CLANG_ENABLE_MODULES = YES;
				GCC_INPUT_FILETYPE = automatic;
				HEADER_SEARCH_PATHS = (
					"$(SRCROOT)/Boost/libs/boost/include",
					"$(SRCROOT)/bitmonero/src",
					"$(SRCROOT)/bitmonero/contrib/epee/include",
					"$(SRCROOT)/bitmonero/external",
				);
				INFOPLIST_FILE = MoneroWallet/Info.plist;
				LD_RUNPATH_SEARCH_PATHS = "$(inherited) @executable_path/Frameworks";
				LIBRARY_SEARCH_PATHS = (
					"$(SRCROOT)/Boost/libs/boost/ios",
					"$(PROJECT_DIR)/Boost/libs/boost/ios",
				);
				OTHER_CFLAGS = (
					"$(inherited)",
					"-iquote",
					"\"$PODS_CONFIGURATION_BUILD_DIR/Alamofire/Alamofire.framework/Headers\"",
					"-iquote",
					"\"$PODS_CONFIGURATION_BUILD_DIR/Moya-SwiftyJSONMapper/Moya_SwiftyJSONMapper.framework/Headers\"",
					"-iquote",
					"\"$PODS_CONFIGURATION_BUILD_DIR/Moya/Moya.framework/Headers\"",
					"-iquote",
					"\"$PODS_CONFIGURATION_BUILD_DIR/ReactiveCocoa/ReactiveCocoa.framework/Headers\"",
					"-iquote",
					"\"$PODS_CONFIGURATION_BUILD_DIR/Result/Result.framework/Headers\"",
					"-iquote",
					"\"$PODS_CONFIGURATION_BUILD_DIR/SwiftyJSON/SwiftyJSON.framework/Headers\"",
					"-maes",
					"-DSTATICLIB",
					"-DDEFAULT_DB_TYPE=\\\"memory\\\"",
				);
				OTHER_CPLUSPLUSFLAGS = (
					"$(OTHER_CFLAGS)",
					"-maes",
					"-DSTATICLIB",
					"-DDEFAULT_DB_TYPE=\\\"memory\\\"",
				);
				PRODUCT_BUNDLE_IDENTIFIER = me.ugo.MoneroWallet;
				PRODUCT_NAME = "$(TARGET_NAME)";
				SWIFT_OBJC_BRIDGING_HEADER = "$(SRCROOT)/MoneroWallet/MoneroWallet-Bridging-Header.hh";
				SWIFT_OPTIMIZATION_LEVEL = "-Onone";
				SWIFT_VERSION = 3.0;
			};
			name = Debug;
		};
		41D6C3BC1D376DEC00178107 /* Release */ = {
			isa = XCBuildConfiguration;
			buildSettings = {
				ASSETCATALOG_COMPILER_APPICON_NAME = AppIcon;
				CLANG_CXX_LANGUAGE_STANDARD = "c++0x";
				CLANG_CXX_LIBRARY = "libc++";
				CLANG_ENABLE_MODULES = YES;
				GCC_INPUT_FILETYPE = automatic;
				HEADER_SEARCH_PATHS = (
					"$(SRCROOT)/Boost/libs/boost/include",
					"$(SRCROOT)/bitmonero/src",
					"$(SRCROOT)/bitmonero/contrib/epee/include",
					"$(SRCROOT)/bitmonero/external",
				);
				INFOPLIST_FILE = MoneroWallet/Info.plist;
				LD_RUNPATH_SEARCH_PATHS = "$(inherited) @executable_path/Frameworks";
				LIBRARY_SEARCH_PATHS = (
					"$(SRCROOT)/Boost/libs/boost/ios",
					"$(PROJECT_DIR)/Boost/libs/boost/ios",
				);
				OTHER_CFLAGS = (
					"$(inherited)",
					"-iquote",
					"\"$PODS_CONFIGURATION_BUILD_DIR/Alamofire/Alamofire.framework/Headers\"",
					"-iquote",
					"\"$PODS_CONFIGURATION_BUILD_DIR/Moya-SwiftyJSONMapper/Moya_SwiftyJSONMapper.framework/Headers\"",
					"-iquote",
					"\"$PODS_CONFIGURATION_BUILD_DIR/Moya/Moya.framework/Headers\"",
					"-iquote",
					"\"$PODS_CONFIGURATION_BUILD_DIR/ReactiveCocoa/ReactiveCocoa.framework/Headers\"",
					"-iquote",
					"\"$PODS_CONFIGURATION_BUILD_DIR/Result/Result.framework/Headers\"",
					"-iquote",
					"\"$PODS_CONFIGURATION_BUILD_DIR/SwiftyJSON/SwiftyJSON.framework/Headers\"",
					"-maes",
					"-DSTATICLIB",
					"-DDEFAULT_DB_TYPE=\\\"memory\\\"",
				);
				OTHER_CPLUSPLUSFLAGS = (
					"$(OTHER_CFLAGS)",
					"-maes",
					"-DSTATICLIB",
					"-DDEFAULT_DB_TYPE=\\\"memory\\\"",
				);
				PRODUCT_BUNDLE_IDENTIFIER = me.ugo.MoneroWallet;
				PRODUCT_NAME = "$(TARGET_NAME)";
				SWIFT_OBJC_BRIDGING_HEADER = "$(SRCROOT)/MoneroWallet/MoneroWallet-Bridging-Header.hh";
				SWIFT_VERSION = 3.0;
			};
			name = Release;
		};
		41D6C3BE1D376DEC00178107 /* Debug */ = {
			isa = XCBuildConfiguration;
			buildSettings = {
				BUNDLE_LOADER = "$(TEST_HOST)";
				INFOPLIST_FILE = MoneroWalletTests/Info.plist;
				LD_RUNPATH_SEARCH_PATHS = "$(inherited) @executable_path/Frameworks @loader_path/Frameworks";
				PRODUCT_BUNDLE_IDENTIFIER = me.ugo.MoneroWalletTests;
				PRODUCT_NAME = "$(TARGET_NAME)";
				SWIFT_VERSION = 3.0;
				TEST_HOST = "$(BUILT_PRODUCTS_DIR)/MoneroWallet.app/MoneroWallet";
			};
			name = Debug;
		};
		41D6C3BF1D376DEC00178107 /* Release */ = {
			isa = XCBuildConfiguration;
			buildSettings = {
				BUNDLE_LOADER = "$(TEST_HOST)";
				INFOPLIST_FILE = MoneroWalletTests/Info.plist;
				LD_RUNPATH_SEARCH_PATHS = "$(inherited) @executable_path/Frameworks @loader_path/Frameworks";
				PRODUCT_BUNDLE_IDENTIFIER = me.ugo.MoneroWalletTests;
				PRODUCT_NAME = "$(TARGET_NAME)";
				SWIFT_VERSION = 3.0;
				TEST_HOST = "$(BUILT_PRODUCTS_DIR)/MoneroWallet.app/MoneroWallet";
			};
			name = Release;
		};
		41D6C3C11D376DEC00178107 /* Debug */ = {
			isa = XCBuildConfiguration;
			buildSettings = {
				INFOPLIST_FILE = MoneroWalletUITests/Info.plist;
				LD_RUNPATH_SEARCH_PATHS = "$(inherited) @executable_path/Frameworks @loader_path/Frameworks";
				PRODUCT_BUNDLE_IDENTIFIER = me.ugo.MoneroWalletUITests;
				PRODUCT_NAME = "$(TARGET_NAME)";
				SWIFT_VERSION = 3.0;
				TEST_TARGET_NAME = MoneroWallet;
			};
			name = Debug;
		};
		41D6C3C21D376DEC00178107 /* Release */ = {
			isa = XCBuildConfiguration;
			buildSettings = {
				INFOPLIST_FILE = MoneroWalletUITests/Info.plist;
				LD_RUNPATH_SEARCH_PATHS = "$(inherited) @executable_path/Frameworks @loader_path/Frameworks";
				PRODUCT_BUNDLE_IDENTIFIER = me.ugo.MoneroWalletUITests;
				PRODUCT_NAME = "$(TARGET_NAME)";
				SWIFT_VERSION = 3.0;
				TEST_TARGET_NAME = MoneroWallet;
			};
			name = Release;
		};
/* End XCBuildConfiguration section */

/* Begin XCConfigurationList section */
		41D6C38B1D376DEC00178107 /* Build configuration list for PBXProject "MoneroWallet" */ = {
			isa = XCConfigurationList;
			buildConfigurations = (
				41D6C3B81D376DEC00178107 /* Debug */,
				41D6C3B91D376DEC00178107 /* Release */,
			);
			defaultConfigurationIsVisible = 0;
			defaultConfigurationName = Release;
		};
		41D6C3BA1D376DEC00178107 /* Build configuration list for PBXNativeTarget "MoneroWallet" */ = {
			isa = XCConfigurationList;
			buildConfigurations = (
				41D6C3BB1D376DEC00178107 /* Debug */,
				41D6C3BC1D376DEC00178107 /* Release */,
			);
			defaultConfigurationIsVisible = 0;
			defaultConfigurationName = Release;
		};
		41D6C3BD1D376DEC00178107 /* Build configuration list for PBXNativeTarget "MoneroWalletTests" */ = {
			isa = XCConfigurationList;
			buildConfigurations = (
				41D6C3BE1D376DEC00178107 /* Debug */,
				41D6C3BF1D376DEC00178107 /* Release */,
			);
			defaultConfigurationIsVisible = 0;
			defaultConfigurationName = Release;
		};
		41D6C3C01D376DEC00178107 /* Build configuration list for PBXNativeTarget "MoneroWalletUITests" */ = {
			isa = XCConfigurationList;
			buildConfigurations = (
				41D6C3C11D376DEC00178107 /* Debug */,
				41D6C3C21D376DEC00178107 /* Release */,
			);
			defaultConfigurationIsVisible = 0;
			defaultConfigurationName = Release;
		};
/* End XCConfigurationList section */
	};
	rootObject = 41D6C3881D376DEC00178107 /* Project object */;
}
